Microsoft Visual Studio Solution File, Format Version 12.00
# Visual Studio Version 17
VisualStudioVersion = 17.0.31903.59
MinimumVisualStudioVersion = 10.0.40219.1
Project("{FAE04EC0-301F-11D3-BF4B-00C04F79EFBC}") = "Liquip.Patcher", "Liquip.Patcher\Liquip.Patcher.csproj", "{BFE3B3A6-C530-41CC-B5F6-E1EA50B76173}"
EndProject
Project("{FAE04EC0-301F-11D3-BF4B-00C04F79EFBC}") = "Liquip.Sdk", "Liquip.Sdk\Liquip.Sdk.csproj", "{EF7EFCAA-E94F-41D0-B956-39B220DE8C0B}"
EndProject
Project("{FAE04EC0-301F-11D3-BF4B-00C04F79EFBC}") = "Liquip.Aot.Asm", "Liquip.Aot.Asm\Liquip.Aot.Asm.csproj", "{D2B9C128-E020-4F6E-959D-EE4A0EB4EF95}"
EndProject
Project("{FAE04EC0-301F-11D3-BF4B-00C04F79EFBC}") = "Liquip.API", "Liquip.API\Liquip.API.csproj", "{5544B160-9D32-42A8-8EC3-D3DDC72D0FF7}"
EndProject
Project("{2150E333-8FDC-42A3-9474-1A3956D46DE8}") = "Aot.Asm", "Aot.Asm", "{C42A0E56-F643-4D59-AB26-F580FAC60E01}"
EndProject
Project("{FAE04EC0-301F-11D3-BF4B-00C04F79EFBC}") = "Liquip.Aot.Asm.SourceGenerator", "Liquip.Aot.Asm.SourceGenerator\Liquip.Aot.Asm.SourceGenerator\Liquip.Aot.Asm.SourceGenerator.csproj", "{5C469314-B579-4913-AC14-47909158E3BE}"
EndProject
Project("{FAE04EC0-301F-11D3-BF4B-00C04F79EFBC}") = "Liquip.Aot.Asm.SourceGenerator.Tests", "Liquip.Aot.Asm.SourceGenerator\Liquip.Aot.Asm.SourceGenerator.Tests\Liquip.Aot.Asm.SourceGenerator.Tests.csproj", "{3DAB22BB-91AB-4A30-BEA7-4744F5DA203B}"
EndProject
Project("{2150E333-8FDC-42A3-9474-1A3956D46DE8}") = "Test", "Test", "{E8477467-2571-4CD8-A4AF-48C89857AB48}"
EndProject
Project("{FAE04EC0-301F-11D3-BF4B-00C04F79EFBC}") = "Liquip.Patcher.Build", "Liquip.Patcher.Build\Liquip.Patcher.Build.csproj", "{BBA11D4D-B79C-46C1-B479-D7482BE4D8E2}"
EndProject
Project("{FAE04EC0-301F-11D3-BF4B-00C04F79EFBC}") = "Liquip.NativeLibrary.Tests", "Liquip.Tests\Liquip.NativeLibrary.Tests.csproj", "{5611344C-B0DF-4A9B-A530-C677F8BD71AC}"
EndProject
Project("{FAE04EC0-301F-11D3-BF4B-00C04F79EFBC}") = "Liquip.NativeWrapper", "Liquip.NativeWrapper\Liquip.NativeWrapper.csproj", "{2DA86403-E320-4B78-A287-63F29D964803}"
EndProject
Project("{2150E333-8FDC-42A3-9474-1A3956D46DE8}") = "NativeLibrary", "NativeLibrary", "{7B8F6265-C9FE-4E0C-813E-57068922732B}"
EndProject
Project("{FAE04EC0-301F-11D3-BF4B-00C04F79EFBC}") = "Liquip.Patcher.Tests", "Liquip.Patcher.Tests\Liquip.Patcher.Tests.csproj", "{53BDFA0A-62B9-42BB-8C1C-8D2913110B8D}"
EndProject
Project("{FAE04EC0-301F-11D3-BF4B-00C04F79EFBC}") = "Liquip.Scanner.Tests", "Liquip.Scanner.Tests\Liquip.Scanner.Tests.csproj", "{336C4576-4738-4BCB-9FE5-3D9DE37DFE7D}"
EndProject
Project("{2150E333-8FDC-42A3-9474-1A3956D46DE8}") = "Liquip.Patcher.Analyzer", "Liquip.Patcher.Analyzer", "{929BD247-BEEB-454D-919E-481ACCC9F4F8}"
EndProject
Project("{FAE04EC0-301F-11D3-BF4B-00C04F79EFBC}") = "Liquip.Patcher.Analyzer", "Liquip.Patcher.Analyzer\Liquip.Patcher.Analyzer\Liquip.Patcher.Analyzer.csproj", "{2F39381E-D1BA-480F-A4BF-B0DF959C9BA5}"
EndProject
Project("{FAE04EC0-301F-11D3-BF4B-00C04F79EFBC}") = "Liquip.Patcher.Analyzer.CodeFixes", "Liquip.Patcher.Analyzer\Liquip.Patcher.Analyzer.CodeFixes\Liquip.Patcher.Analyzer.CodeFixes.csproj", "{E9E3E2CA-AAA2-4835-9264-8EFD44790A89}"
EndProject
Project("{FAE04EC0-301F-11D3-BF4B-00C04F79EFBC}") = "Liquip.Patcher.Analyzer.Package", "Liquip.Patcher.Analyzer\Liquip.Patcher.Analyzer.Package\Liquip.Patcher.Analyzer.Package.csproj", "{BBCE7B79-04E4-471E-9106-93912FD53775}"
EndProject
Project("{FAE04EC0-301F-11D3-BF4B-00C04F79EFBC}") = "Liquip.Patcher.Analyzer.Vsix", "Liquip.Patcher.Analyzer\Liquip.Patcher.Analyzer.Vsix\Liquip.Patcher.Analyzer.Vsix.csproj", "{DC194121-15CA-487D-9C1F-C6E12C63993E}"
EndProject
Project("{FAE04EC0-301F-11D3-BF4B-00C04F79EFBC}") = "Liquip.Patcher.Analyzer.Test", "Liquip.Patcher.Analyzer\Liquip.Patcher.Analyzer.Test\Liquip.Patcher.Analyzer.Test.csproj", "{91348BA3-7914-42EF-9067-EBD663046EB5}"
EndProject
Global
	GlobalSection(SolutionConfigurationPlatforms) = preSolution
		Debug|Any CPU = Debug|Any CPU
		Debug|x64 = Debug|x64
		Debug|x86 = Debug|x86
		Release|Any CPU = Release|Any CPU
		Release|x64 = Release|x64
		Release|x86 = Release|x86
	EndGlobalSection
	GlobalSection(ProjectConfigurationPlatforms) = postSolution
		{BFE3B3A6-C530-41CC-B5F6-E1EA50B76173}.Debug|Any CPU.ActiveCfg = Debug|Any CPU
		{BFE3B3A6-C530-41CC-B5F6-E1EA50B76173}.Debug|Any CPU.Build.0 = Debug|Any CPU
		{BFE3B3A6-C530-41CC-B5F6-E1EA50B76173}.Debug|x64.ActiveCfg = Debug|Any CPU
		{BFE3B3A6-C530-41CC-B5F6-E1EA50B76173}.Debug|x64.Build.0 = Debug|Any CPU
		{BFE3B3A6-C530-41CC-B5F6-E1EA50B76173}.Debug|x86.ActiveCfg = Debug|Any CPU
		{BFE3B3A6-C530-41CC-B5F6-E1EA50B76173}.Debug|x86.Build.0 = Debug|Any CPU
		{BFE3B3A6-C530-41CC-B5F6-E1EA50B76173}.Release|Any CPU.ActiveCfg = Release|Any CPU
		{BFE3B3A6-C530-41CC-B5F6-E1EA50B76173}.Release|Any CPU.Build.0 = Release|Any CPU
		{BFE3B3A6-C530-41CC-B5F6-E1EA50B76173}.Release|x64.ActiveCfg = Release|Any CPU
		{BFE3B3A6-C530-41CC-B5F6-E1EA50B76173}.Release|x64.Build.0 = Release|Any CPU
		{BFE3B3A6-C530-41CC-B5F6-E1EA50B76173}.Release|x86.ActiveCfg = Release|Any CPU
		{BFE3B3A6-C530-41CC-B5F6-E1EA50B76173}.Release|x86.Build.0 = Release|Any CPU
		{EF7EFCAA-E94F-41D0-B956-39B220DE8C0B}.Debug|Any CPU.ActiveCfg = Debug|Any CPU
		{EF7EFCAA-E94F-41D0-B956-39B220DE8C0B}.Debug|Any CPU.Build.0 = Debug|Any CPU
		{EF7EFCAA-E94F-41D0-B956-39B220DE8C0B}.Debug|x64.ActiveCfg = Debug|Any CPU
		{EF7EFCAA-E94F-41D0-B956-39B220DE8C0B}.Debug|x64.Build.0 = Debug|Any CPU
		{EF7EFCAA-E94F-41D0-B956-39B220DE8C0B}.Debug|x86.ActiveCfg = Debug|Any CPU
		{EF7EFCAA-E94F-41D0-B956-39B220DE8C0B}.Debug|x86.Build.0 = Debug|Any CPU
		{EF7EFCAA-E94F-41D0-B956-39B220DE8C0B}.Release|Any CPU.ActiveCfg = Release|Any CPU
		{EF7EFCAA-E94F-41D0-B956-39B220DE8C0B}.Release|Any CPU.Build.0 = Release|Any CPU
		{EF7EFCAA-E94F-41D0-B956-39B220DE8C0B}.Release|x64.ActiveCfg = Release|Any CPU
		{EF7EFCAA-E94F-41D0-B956-39B220DE8C0B}.Release|x64.Build.0 = Release|Any CPU
		{EF7EFCAA-E94F-41D0-B956-39B220DE8C0B}.Release|x86.ActiveCfg = Release|Any CPU
		{EF7EFCAA-E94F-41D0-B956-39B220DE8C0B}.Release|x86.Build.0 = Release|Any CPU
		{D2B9C128-E020-4F6E-959D-EE4A0EB4EF95}.Debug|Any CPU.ActiveCfg = Debug|Any CPU
		{D2B9C128-E020-4F6E-959D-EE4A0EB4EF95}.Debug|Any CPU.Build.0 = Debug|Any CPU
		{D2B9C128-E020-4F6E-959D-EE4A0EB4EF95}.Debug|x64.ActiveCfg = Debug|Any CPU
		{D2B9C128-E020-4F6E-959D-EE4A0EB4EF95}.Debug|x64.Build.0 = Debug|Any CPU
		{D2B9C128-E020-4F6E-959D-EE4A0EB4EF95}.Debug|x86.ActiveCfg = Debug|Any CPU
		{D2B9C128-E020-4F6E-959D-EE4A0EB4EF95}.Debug|x86.Build.0 = Debug|Any CPU
		{D2B9C128-E020-4F6E-959D-EE4A0EB4EF95}.Release|Any CPU.ActiveCfg = Release|Any CPU
		{D2B9C128-E020-4F6E-959D-EE4A0EB4EF95}.Release|Any CPU.Build.0 = Release|Any CPU
		{D2B9C128-E020-4F6E-959D-EE4A0EB4EF95}.Release|x64.ActiveCfg = Release|Any CPU
		{D2B9C128-E020-4F6E-959D-EE4A0EB4EF95}.Release|x64.Build.0 = Release|Any CPU
		{D2B9C128-E020-4F6E-959D-EE4A0EB4EF95}.Release|x86.ActiveCfg = Release|Any CPU
		{D2B9C128-E020-4F6E-959D-EE4A0EB4EF95}.Release|x86.Build.0 = Release|Any CPU
		{5544B160-9D32-42A8-8EC3-D3DDC72D0FF7}.Debug|Any CPU.ActiveCfg = Debug|Any CPU
		{5544B160-9D32-42A8-8EC3-D3DDC72D0FF7}.Debug|Any CPU.Build.0 = Debug|Any CPU
		{5544B160-9D32-42A8-8EC3-D3DDC72D0FF7}.Debug|x64.ActiveCfg = Debug|Any CPU
		{5544B160-9D32-42A8-8EC3-D3DDC72D0FF7}.Debug|x64.Build.0 = Debug|Any CPU
		{5544B160-9D32-42A8-8EC3-D3DDC72D0FF7}.Debug|x86.ActiveCfg = Debug|Any CPU
		{5544B160-9D32-42A8-8EC3-D3DDC72D0FF7}.Debug|x86.Build.0 = Debug|Any CPU
		{5544B160-9D32-42A8-8EC3-D3DDC72D0FF7}.Release|Any CPU.ActiveCfg = Release|Any CPU
		{5544B160-9D32-42A8-8EC3-D3DDC72D0FF7}.Release|Any CPU.Build.0 = Release|Any CPU
		{5544B160-9D32-42A8-8EC3-D3DDC72D0FF7}.Release|x64.ActiveCfg = Release|Any CPU
		{5544B160-9D32-42A8-8EC3-D3DDC72D0FF7}.Release|x64.Build.0 = Release|Any CPU
		{5544B160-9D32-42A8-8EC3-D3DDC72D0FF7}.Release|x86.ActiveCfg = Release|Any CPU
		{5544B160-9D32-42A8-8EC3-D3DDC72D0FF7}.Release|x86.Build.0 = Release|Any CPU
		{5C469314-B579-4913-AC14-47909158E3BE}.Debug|Any CPU.ActiveCfg = Debug|Any CPU
		{5C469314-B579-4913-AC14-47909158E3BE}.Debug|Any CPU.Build.0 = Debug|Any CPU
		{5C469314-B579-4913-AC14-47909158E3BE}.Debug|x64.ActiveCfg = Debug|Any CPU
		{5C469314-B579-4913-AC14-47909158E3BE}.Debug|x64.Build.0 = Debug|Any CPU
		{5C469314-B579-4913-AC14-47909158E3BE}.Debug|x86.ActiveCfg = Debug|Any CPU
		{5C469314-B579-4913-AC14-47909158E3BE}.Debug|x86.Build.0 = Debug|Any CPU
		{5C469314-B579-4913-AC14-47909158E3BE}.Release|Any CPU.ActiveCfg = Release|Any CPU
		{5C469314-B579-4913-AC14-47909158E3BE}.Release|Any CPU.Build.0 = Release|Any CPU
		{5C469314-B579-4913-AC14-47909158E3BE}.Release|x64.ActiveCfg = Release|Any CPU
		{5C469314-B579-4913-AC14-47909158E3BE}.Release|x64.Build.0 = Release|Any CPU
		{5C469314-B579-4913-AC14-47909158E3BE}.Release|x86.ActiveCfg = Release|Any CPU
		{5C469314-B579-4913-AC14-47909158E3BE}.Release|x86.Build.0 = Release|Any CPU
		{3DAB22BB-91AB-4A30-BEA7-4744F5DA203B}.Debug|Any CPU.ActiveCfg = Debug|Any CPU
		{3DAB22BB-91AB-4A30-BEA7-4744F5DA203B}.Debug|Any CPU.Build.0 = Debug|Any CPU
		{3DAB22BB-91AB-4A30-BEA7-4744F5DA203B}.Debug|x64.ActiveCfg = Debug|Any CPU
		{3DAB22BB-91AB-4A30-BEA7-4744F5DA203B}.Debug|x64.Build.0 = Debug|Any CPU
		{3DAB22BB-91AB-4A30-BEA7-4744F5DA203B}.Debug|x86.ActiveCfg = Debug|Any CPU
		{3DAB22BB-91AB-4A30-BEA7-4744F5DA203B}.Debug|x86.Build.0 = Debug|Any CPU
		{3DAB22BB-91AB-4A30-BEA7-4744F5DA203B}.Release|Any CPU.ActiveCfg = Release|Any CPU
		{3DAB22BB-91AB-4A30-BEA7-4744F5DA203B}.Release|Any CPU.Build.0 = Release|Any CPU
		{3DAB22BB-91AB-4A30-BEA7-4744F5DA203B}.Release|x64.ActiveCfg = Release|Any CPU
		{3DAB22BB-91AB-4A30-BEA7-4744F5DA203B}.Release|x64.Build.0 = Release|Any CPU
		{3DAB22BB-91AB-4A30-BEA7-4744F5DA203B}.Release|x86.ActiveCfg = Release|Any CPU
		{3DAB22BB-91AB-4A30-BEA7-4744F5DA203B}.Release|x86.Build.0 = Release|Any CPU
		{BBA11D4D-B79C-46C1-B479-D7482BE4D8E2}.Debug|Any CPU.ActiveCfg = Debug|Any CPU
		{BBA11D4D-B79C-46C1-B479-D7482BE4D8E2}.Debug|Any CPU.Build.0 = Debug|Any CPU
		{BBA11D4D-B79C-46C1-B479-D7482BE4D8E2}.Debug|x64.ActiveCfg = Debug|Any CPU
		{BBA11D4D-B79C-46C1-B479-D7482BE4D8E2}.Debug|x64.Build.0 = Debug|Any CPU
		{BBA11D4D-B79C-46C1-B479-D7482BE4D8E2}.Debug|x86.ActiveCfg = Debug|Any CPU
		{BBA11D4D-B79C-46C1-B479-D7482BE4D8E2}.Debug|x86.Build.0 = Debug|Any CPU
		{BBA11D4D-B79C-46C1-B479-D7482BE4D8E2}.Release|Any CPU.ActiveCfg = Release|Any CPU
		{BBA11D4D-B79C-46C1-B479-D7482BE4D8E2}.Release|Any CPU.Build.0 = Release|Any CPU
		{BBA11D4D-B79C-46C1-B479-D7482BE4D8E2}.Release|x64.ActiveCfg = Release|Any CPU
		{BBA11D4D-B79C-46C1-B479-D7482BE4D8E2}.Release|x64.Build.0 = Release|Any CPU
		{BBA11D4D-B79C-46C1-B479-D7482BE4D8E2}.Release|x86.ActiveCfg = Release|Any CPU
		{BBA11D4D-B79C-46C1-B479-D7482BE4D8E2}.Release|x86.Build.0 = Release|Any CPU
		{5611344C-B0DF-4A9B-A530-C677F8BD71AC}.Debug|Any CPU.ActiveCfg = Debug|Any CPU
		{5611344C-B0DF-4A9B-A530-C677F8BD71AC}.Debug|Any CPU.Build.0 = Debug|Any CPU
		{5611344C-B0DF-4A9B-A530-C677F8BD71AC}.Debug|x64.ActiveCfg = Debug|Any CPU
		{5611344C-B0DF-4A9B-A530-C677F8BD71AC}.Debug|x64.Build.0 = Debug|Any CPU
		{5611344C-B0DF-4A9B-A530-C677F8BD71AC}.Debug|x86.ActiveCfg = Debug|Any CPU
		{5611344C-B0DF-4A9B-A530-C677F8BD71AC}.Debug|x86.Build.0 = Debug|Any CPU
		{5611344C-B0DF-4A9B-A530-C677F8BD71AC}.Release|Any CPU.ActiveCfg = Release|Any CPU
		{5611344C-B0DF-4A9B-A530-C677F8BD71AC}.Release|Any CPU.Build.0 = Release|Any CPU
		{5611344C-B0DF-4A9B-A530-C677F8BD71AC}.Release|x64.ActiveCfg = Release|Any CPU
		{5611344C-B0DF-4A9B-A530-C677F8BD71AC}.Release|x64.Build.0 = Release|Any CPU
		{5611344C-B0DF-4A9B-A530-C677F8BD71AC}.Release|x86.ActiveCfg = Release|Any CPU
		{5611344C-B0DF-4A9B-A530-C677F8BD71AC}.Release|x86.Build.0 = Release|Any CPU
		{2DA86403-E320-4B78-A287-63F29D964803}.Debug|Any CPU.ActiveCfg = Debug|Any CPU
		{2DA86403-E320-4B78-A287-63F29D964803}.Debug|Any CPU.Build.0 = Debug|Any CPU
		{2DA86403-E320-4B78-A287-63F29D964803}.Debug|x64.ActiveCfg = Debug|Any CPU
		{2DA86403-E320-4B78-A287-63F29D964803}.Debug|x64.Build.0 = Debug|Any CPU
		{2DA86403-E320-4B78-A287-63F29D964803}.Debug|x86.ActiveCfg = Debug|Any CPU
		{2DA86403-E320-4B78-A287-63F29D964803}.Debug|x86.Build.0 = Debug|Any CPU
		{2DA86403-E320-4B78-A287-63F29D964803}.Release|Any CPU.ActiveCfg = Release|Any CPU
		{2DA86403-E320-4B78-A287-63F29D964803}.Release|Any CPU.Build.0 = Release|Any CPU
		{2DA86403-E320-4B78-A287-63F29D964803}.Release|x64.ActiveCfg = Release|Any CPU
		{2DA86403-E320-4B78-A287-63F29D964803}.Release|x64.Build.0 = Release|Any CPU
		{2DA86403-E320-4B78-A287-63F29D964803}.Release|x86.ActiveCfg = Release|Any CPU
		{2DA86403-E320-4B78-A287-63F29D964803}.Release|x86.Build.0 = Release|Any CPU
		{53BDFA0A-62B9-42BB-8C1C-8D2913110B8D}.Debug|Any CPU.ActiveCfg = Debug|Any CPU
		{53BDFA0A-62B9-42BB-8C1C-8D2913110B8D}.Debug|Any CPU.Build.0 = Debug|Any CPU
		{53BDFA0A-62B9-42BB-8C1C-8D2913110B8D}.Debug|x64.ActiveCfg = Debug|Any CPU
		{53BDFA0A-62B9-42BB-8C1C-8D2913110B8D}.Debug|x64.Build.0 = Debug|Any CPU
		{53BDFA0A-62B9-42BB-8C1C-8D2913110B8D}.Debug|x86.ActiveCfg = Debug|Any CPU
		{53BDFA0A-62B9-42BB-8C1C-8D2913110B8D}.Debug|x86.Build.0 = Debug|Any CPU
		{53BDFA0A-62B9-42BB-8C1C-8D2913110B8D}.Release|Any CPU.ActiveCfg = Release|Any CPU
		{53BDFA0A-62B9-42BB-8C1C-8D2913110B8D}.Release|Any CPU.Build.0 = Release|Any CPU
		{53BDFA0A-62B9-42BB-8C1C-8D2913110B8D}.Release|x64.ActiveCfg = Release|Any CPU
		{53BDFA0A-62B9-42BB-8C1C-8D2913110B8D}.Release|x64.Build.0 = Release|Any CPU
		{53BDFA0A-62B9-42BB-8C1C-8D2913110B8D}.Release|x86.ActiveCfg = Release|Any CPU
		{53BDFA0A-62B9-42BB-8C1C-8D2913110B8D}.Release|x86.Build.0 = Release|Any CPU
		{336C4576-4738-4BCB-9FE5-3D9DE37DFE7D}.Debug|Any CPU.ActiveCfg = Debug|Any CPU
		{336C4576-4738-4BCB-9FE5-3D9DE37DFE7D}.Debug|Any CPU.Build.0 = Debug|Any CPU
		{336C4576-4738-4BCB-9FE5-3D9DE37DFE7D}.Debug|x64.ActiveCfg = Debug|Any CPU
		{336C4576-4738-4BCB-9FE5-3D9DE37DFE7D}.Debug|x64.Build.0 = Debug|Any CPU
		{336C4576-4738-4BCB-9FE5-3D9DE37DFE7D}.Debug|x86.ActiveCfg = Debug|Any CPU
		{336C4576-4738-4BCB-9FE5-3D9DE37DFE7D}.Debug|x86.Build.0 = Debug|Any CPU
		{336C4576-4738-4BCB-9FE5-3D9DE37DFE7D}.Release|Any CPU.ActiveCfg = Release|Any CPU
		{336C4576-4738-4BCB-9FE5-3D9DE37DFE7D}.Release|Any CPU.Build.0 = Release|Any CPU
		{336C4576-4738-4BCB-9FE5-3D9DE37DFE7D}.Release|x64.ActiveCfg = Release|Any CPU
		{336C4576-4738-4BCB-9FE5-3D9DE37DFE7D}.Release|x64.Build.0 = Release|Any CPU
		{336C4576-4738-4BCB-9FE5-3D9DE37DFE7D}.Release|x86.ActiveCfg = Release|Any CPU
		{336C4576-4738-4BCB-9FE5-3D9DE37DFE7D}.Release|x86.Build.0 = Release|Any CPU
		{2F39381E-D1BA-480F-A4BF-B0DF959C9BA5}.Debug|Any CPU.ActiveCfg = Debug|Any CPU
		{2F39381E-D1BA-480F-A4BF-B0DF959C9BA5}.Debug|Any CPU.Build.0 = Debug|Any CPU
		{2F39381E-D1BA-480F-A4BF-B0DF959C9BA5}.Debug|x64.ActiveCfg = Debug|Any CPU
		{2F39381E-D1BA-480F-A4BF-B0DF959C9BA5}.Debug|x64.Build.0 = Debug|Any CPU
		{2F39381E-D1BA-480F-A4BF-B0DF959C9BA5}.Debug|x86.ActiveCfg = Debug|Any CPU
		{2F39381E-D1BA-480F-A4BF-B0DF959C9BA5}.Debug|x86.Build.0 = Debug|Any CPU
		{2F39381E-D1BA-480F-A4BF-B0DF959C9BA5}.Release|Any CPU.ActiveCfg = Release|Any CPU
		{2F39381E-D1BA-480F-A4BF-B0DF959C9BA5}.Release|Any CPU.Build.0 = Release|Any CPU
		{2F39381E-D1BA-480F-A4BF-B0DF959C9BA5}.Release|x64.ActiveCfg = Release|Any CPU
		{2F39381E-D1BA-480F-A4BF-B0DF959C9BA5}.Release|x64.Build.0 = Release|Any CPU
		{2F39381E-D1BA-480F-A4BF-B0DF959C9BA5}.Release|x86.ActiveCfg = Release|Any CPU
		{2F39381E-D1BA-480F-A4BF-B0DF959C9BA5}.Release|x86.Build.0 = Release|Any CPU
		{E9E3E2CA-AAA2-4835-9264-8EFD44790A89}.Debug|Any CPU.ActiveCfg = Debug|Any CPU
		{E9E3E2CA-AAA2-4835-9264-8EFD44790A89}.Debug|Any CPU.Build.0 = Debug|Any CPU
		{E9E3E2CA-AAA2-4835-9264-8EFD44790A89}.Debug|x64.ActiveCfg = Debug|Any CPU
		{E9E3E2CA-AAA2-4835-9264-8EFD44790A89}.Debug|x64.Build.0 = Debug|Any CPU
		{E9E3E2CA-AAA2-4835-9264-8EFD44790A89}.Debug|x86.ActiveCfg = Debug|Any CPU
		{E9E3E2CA-AAA2-4835-9264-8EFD44790A89}.Debug|x86.Build.0 = Debug|Any CPU
		{E9E3E2CA-AAA2-4835-9264-8EFD44790A89}.Release|Any CPU.ActiveCfg = Release|Any CPU
		{E9E3E2CA-AAA2-4835-9264-8EFD44790A89}.Release|Any CPU.Build.0 = Release|Any CPU
		{E9E3E2CA-AAA2-4835-9264-8EFD44790A89}.Release|x64.ActiveCfg = Release|Any CPU
		{E9E3E2CA-AAA2-4835-9264-8EFD44790A89}.Release|x64.Build.0 = Release|Any CPU
		{E9E3E2CA-AAA2-4835-9264-8EFD44790A89}.Release|x86.ActiveCfg = Release|Any CPU
		{E9E3E2CA-AAA2-4835-9264-8EFD44790A89}.Release|x86.Build.0 = Release|Any CPU
		{BBCE7B79-04E4-471E-9106-93912FD53775}.Debug|Any CPU.ActiveCfg = Debug|Any CPU
		{BBCE7B79-04E4-471E-9106-93912FD53775}.Debug|Any CPU.Build.0 = Debug|Any CPU
		{BBCE7B79-04E4-471E-9106-93912FD53775}.Debug|x64.ActiveCfg = Debug|Any CPU
		{BBCE7B79-04E4-471E-9106-93912FD53775}.Debug|x64.Build.0 = Debug|Any CPU
		{BBCE7B79-04E4-471E-9106-93912FD53775}.Debug|x86.ActiveCfg = Debug|Any CPU
		{BBCE7B79-04E4-471E-9106-93912FD53775}.Debug|x86.Build.0 = Debug|Any CPU
		{BBCE7B79-04E4-471E-9106-93912FD53775}.Release|Any CPU.ActiveCfg = Release|Any CPU
		{BBCE7B79-04E4-471E-9106-93912FD53775}.Release|Any CPU.Build.0 = Release|Any CPU
		{BBCE7B79-04E4-471E-9106-93912FD53775}.Release|x64.ActiveCfg = Release|Any CPU
		{BBCE7B79-04E4-471E-9106-93912FD53775}.Release|x64.Build.0 = Release|Any CPU
		{BBCE7B79-04E4-471E-9106-93912FD53775}.Release|x86.ActiveCfg = Release|Any CPU
		{BBCE7B79-04E4-471E-9106-93912FD53775}.Release|x86.Build.0 = Release|Any CPU
		{DC194121-15CA-487D-9C1F-C6E12C63993E}.Debug|Any CPU.ActiveCfg = Debug|Any CPU
		{DC194121-15CA-487D-9C1F-C6E12C63993E}.Debug|Any CPU.Build.0 = Debug|Any CPU
		{DC194121-15CA-487D-9C1F-C6E12C63993E}.Debug|x64.ActiveCfg = Debug|Any CPU
		{DC194121-15CA-487D-9C1F-C6E12C63993E}.Debug|x64.Build.0 = Debug|Any CPU
		{DC194121-15CA-487D-9C1F-C6E12C63993E}.Debug|x86.ActiveCfg = Debug|Any CPU
		{DC194121-15CA-487D-9C1F-C6E12C63993E}.Debug|x86.Build.0 = Debug|Any CPU
		{DC194121-15CA-487D-9C1F-C6E12C63993E}.Release|Any CPU.ActiveCfg = Release|Any CPU
		{DC194121-15CA-487D-9C1F-C6E12C63993E}.Release|Any CPU.Build.0 = Release|Any CPU
		{DC194121-15CA-487D-9C1F-C6E12C63993E}.Release|x64.ActiveCfg = Release|Any CPU
		{DC194121-15CA-487D-9C1F-C6E12C63993E}.Release|x64.Build.0 = Release|Any CPU
		{DC194121-15CA-487D-9C1F-C6E12C63993E}.Release|x86.ActiveCfg = Release|Any CPU
		{DC194121-15CA-487D-9C1F-C6E12C63993E}.Release|x86.Build.0 = Release|Any CPU
		{91348BA3-7914-42EF-9067-EBD663046EB5}.Debug|Any CPU.ActiveCfg = Debug|Any CPU
		{91348BA3-7914-42EF-9067-EBD663046EB5}.Debug|Any CPU.Build.0 = Debug|Any CPU
		{91348BA3-7914-42EF-9067-EBD663046EB5}.Debug|x64.ActiveCfg = Debug|Any CPU
		{91348BA3-7914-42EF-9067-EBD663046EB5}.Debug|x64.Build.0 = Debug|Any CPU
		{91348BA3-7914-42EF-9067-EBD663046EB5}.Debug|x86.ActiveCfg = Debug|Any CPU
		{91348BA3-7914-42EF-9067-EBD663046EB5}.Debug|x86.Build.0 = Debug|Any CPU
		{91348BA3-7914-42EF-9067-EBD663046EB5}.Release|Any CPU.ActiveCfg = Release|Any CPU
		{91348BA3-7914-42EF-9067-EBD663046EB5}.Release|Any CPU.Build.0 = Release|Any CPU
		{91348BA3-7914-42EF-9067-EBD663046EB5}.Release|x64.ActiveCfg = Release|Any CPU
		{91348BA3-7914-42EF-9067-EBD663046EB5}.Release|x64.Build.0 = Release|Any CPU
		{91348BA3-7914-42EF-9067-EBD663046EB5}.Release|x86.ActiveCfg = Release|Any CPU
		{91348BA3-7914-42EF-9067-EBD663046EB5}.Release|x86.Build.0 = Release|Any CPU
	EndGlobalSection
	GlobalSection(SolutionProperties) = preSolution
		HideSolutionNode = FALSE
	EndGlobalSection
	GlobalSection(NestedProjects) = preSolution
		{D2B9C128-E020-4F6E-959D-EE4A0EB4EF95} = {C42A0E56-F643-4D59-AB26-F580FAC60E01}
		{5C469314-B579-4913-AC14-47909158E3BE} = {C42A0E56-F643-4D59-AB26-F580FAC60E01}
		{3DAB22BB-91AB-4A30-BEA7-4744F5DA203B} = {C42A0E56-F643-4D59-AB26-F580FAC60E01}
		{5611344C-B0DF-4A9B-A530-C677F8BD71AC} = {E8477467-2571-4CD8-A4AF-48C89857AB48}
		{2DA86403-E320-4B78-A287-63F29D964803} = {7B8F6265-C9FE-4E0C-813E-57068922732B}
		{7B8F6265-C9FE-4E0C-813E-57068922732B} = {E8477467-2571-4CD8-A4AF-48C89857AB48}
		{53BDFA0A-62B9-42BB-8C1C-8D2913110B8D} = {E8477467-2571-4CD8-A4AF-48C89857AB48}
		{336C4576-4738-4BCB-9FE5-3D9DE37DFE7D} = {E8477467-2571-4CD8-A4AF-48C89857AB48}
		{2F39381E-D1BA-480F-A4BF-B0DF959C9BA5} = {929BD247-BEEB-454D-919E-481ACCC9F4F8}
		{E9E3E2CA-AAA2-4835-9264-8EFD44790A89} = {929BD247-BEEB-454D-919E-481ACCC9F4F8}
		{BBCE7B79-04E4-471E-9106-93912FD53775} = {929BD247-BEEB-454D-919E-481ACCC9F4F8}
		{DC194121-15CA-487D-9C1F-C6E12C63993E} = {929BD247-BEEB-454D-919E-481ACCC9F4F8}
		{91348BA3-7914-42EF-9067-EBD663046EB5} = {E8477467-2571-4CD8-A4AF-48C89857AB48}
	EndGlobalSection
EndGlobal
