
Microsoft Visual Studio Solution File, Format Version 12.00
# Visual Studio Version 17
VisualStudioVersion = 17.0.31903.59
MinimumVisualStudioVersion = 10.0.40219.1
Project("{2150E333-8FDC-42A3-9474-1A3956D46DE8}") = "Aot.Asm", "Aot.Asm", "{C42A0E56-F643-4D59-AB26-F580FAC60E01}"
EndProject
Project("{2150E333-8FDC-42A3-9474-1A3956D46DE8}") = "Analyzer", "Analyzer", "{4E2E1B0F-900C-4DAC-877E-17541E35D5E1}"
EndProject
Project("{00000000-0000-0000-0000-000000000000}") = "Cosmos", "Cosmos", "{F3761CF5-5B13-4500-ABFA-20773A543ABE}"
EndProject
Project("{2150E333-8FDC-42A3-9474-1A3956D46DE8}") = "src", "src", "{0A3105A2-DDE4-4E30-9900-E72D06CAA6E9}"
EndProject
Project("{2150E333-8FDC-42A3-9474-1A3956D46DE8}") = "XSharp", "XSharp", "{CE43855A-474A-4EE0-9AD1-7215E1B03E21}"
EndProject
Project("{FAE04EC0-301F-11D3-BF4B-00C04F79EFBC}") = "Kernel", "Cosmos\Kernel.csproj", "{8391B4C8-649D-4BB4-9DB1-3572E1E6393B}"
EndProject
Project("{FAE04EC0-301F-11D3-BF4B-00C04F79EFBC}") = "Cosmos.Patcher.Analyzer", "Liquip\src\Cosmos.Patcher.Analyzer\Cosmos.Patcher.Analyzer.csproj", "{CE1D66BE-E731-4A6B-9050-120F537C3706}"
EndProject
Project("{FAE04EC0-301F-11D3-BF4B-00C04F79EFBC}") = "Cosmos.Patcher.Analyzer.CodeFixes", "Liquip\src\Cosmos.Patcher.Analyzer.CodeFixes\Cosmos.Patcher.Analyzer.CodeFixes.csproj", "{3C44C7AD-1535-45E0-8CDB-4FD6AE68C026}"
EndProject
Project("{FAE04EC0-301F-11D3-BF4B-00C04F79EFBC}") = "Cosmos.Patcher.Analyzer.Package", "Liquip\src\Cosmos.Patcher.Analyzer.Package\Cosmos.Patcher.Analyzer.Package.csproj", "{96E607F9-EB08-45E2-97FE-4120F194DF0B}"
EndProject
Project("{FAE04EC0-301F-11D3-BF4B-00C04F79EFBC}") = "Cosmos.API", "Liquip\src\Cosmos.API\Cosmos.API.csproj", "{A63FA839-937C-4D35-A591-96424B25C889}"
EndProject
Project("{FAE04EC0-301F-11D3-BF4B-00C04F79EFBC}") = "Cosmos.Ilc.Build", "Liquip\src\Cosmos.Ilc.Build\Cosmos.Ilc.Build.csproj", "{82115156-671C-4FDC-831B-2297AB1FAB79}"
EndProject
Project("{FAE04EC0-301F-11D3-BF4B-00C04F79EFBC}") = "Cosmos.Patcher", "Liquip\src\Cosmos.Patcher\Cosmos.Patcher.csproj", "{D9940E28-9B2E-4570-97C1-F2CE886CC378}"
EndProject
Project("{FAE04EC0-301F-11D3-BF4B-00C04F79EFBC}") = "Cosmos.Asm.Build", "Liquip\src\Cosmos.Asm.Build\Cosmos.Asm.Build.csproj", "{43929895-D48F-4202-9247-781C886268B5}"
EndProject
Project("{FAE04EC0-301F-11D3-BF4B-00C04F79EFBC}") = "Cosmos.Asm.Build.Windows", "Liquip\src\Cosmos.Asm.Build.Windows\Cosmos.Asm.Build.Windows.csproj", "{E11B12DF-6044-431F-B2AC-D6E8B4C57437}"
EndProject
Project("{FAE04EC0-301F-11D3-BF4B-00C04F79EFBC}") = "Cosmos.Patcher.Build", "Liquip\src\Cosmos.Patcher.Build\Cosmos.Patcher.Build.csproj", "{9E96D4C7-2DE7-417F-A623-9B47A061EBB9}"
EndProject
Project("{FAE04EC0-301F-11D3-BF4B-00C04F79EFBC}") = "Cosmos.Asm.Build.Test", "Liquip\tests\Cosmos.Asm.Build.Test\Cosmos.Asm.Build.Test.csproj", "{72DFE19A-B923-49AB-B1B1-9B6E2351F5A0}"
EndProject
Project("{8BC9CEB8-8B4A-11D0-8D11-00A0C91BC942}") = "Cosmos.NativeLibrary", "Liquip\tests\Cosmos.NativeLibrary\Cosmos.NativeLibrary.vcxproj", "{8BB57B06-1852-42A6-8C53-C04ADF8B50A1}"
EndProject
Project("{FAE04EC0-301F-11D3-BF4B-00C04F79EFBC}") = "Cosmos.NativeWrapper", "Liquip\tests\Cosmos.NativeWrapper\Cosmos.NativeWrapper.csproj", "{6BF83419-C6CB-4A0E-BB87-20D433BDD3AE}"
EndProject
Project("{FAE04EC0-301F-11D3-BF4B-00C04F79EFBC}") = "Cosmos.Patcher.Analyzer.Tests", "Liquip\tests\Cosmos.Patcher.Analyzer.Tests\Cosmos.Patcher.Analyzer.Tests.csproj", "{A0B0B7F7-3986-45EA-A2D2-1885C8DA1AB5}"
EndProject
Project("{FAE04EC0-301F-11D3-BF4B-00C04F79EFBC}") = "Cosmos.Patcher.Tests", "Liquip\tests\Cosmos.Patcher.Tests\Cosmos.Patcher.Tests.csproj", "{D707F971-E1D1-4F64-885B-87E93B31036E}"
EndProject
Project("{FAE04EC0-301F-11D3-BF4B-00C04F79EFBC}") = "Cosmos.Scanner.Tests", "Liquip\tests\Cosmos.Scanner.Tests\Cosmos.Scanner.Tests.csproj", "{58F7581C-9281-4804-82A8-C160F658BFBD}"
EndProject
Project("{2150E333-8FDC-42A3-9474-1A3956D46DE8}") = "Build", "Build", "{6A615AE3-1D3E-4AF2-9DF6-D13F211F937E}"
EndProject
Project("{2150E333-8FDC-42A3-9474-1A3956D46DE8}") = "tests", "tests", "{8D6060ED-D188-449A-B819-50485E92D475}"
EndProject
Project("{FAE04EC0-301F-11D3-BF4B-00C04F79EFBC}") = "Cosmos.Common.Build", "Liquip\src\Cosmos.Common.Build\Cosmos.Common.Build.csproj", "{82DE5BBB-189D-3264-7A5D-C4B08F70D062}"
EndProject
Project("{2150E333-8FDC-42A3-9474-1A3956D46DE8}") = "XSharp.Tests", "XSharp.Tests", "{02EA681E-C7D8-13C7-8484-4AC65E1B71E8}"
EndProject
Project("{FAE04EC0-301F-11D3-BF4B-00C04F79EFBC}") = "XSharp.Tests", "XSharp\tests\XSharp.Tests\XSharp.Tests.csproj", "{D7B206FE-8886-568B-BDE5-86F9CE7A10A2}"
EndProject
Project("{FAE04EC0-301F-11D3-BF4B-00C04F79EFBC}") = "XSharp.Base", "XSharp\src\XSharp.Base\XSharp.Base.csproj", "{CF7BFE16-C3CF-37FC-F231-A51F33F36184}"
EndProject
Project("{FAE04EC0-301F-11D3-BF4B-00C04F79EFBC}") = "XSharp.Build.Tasks", "XSharp\src\XSharp.Build.Tasks\XSharp.Build.Tasks.csproj", "{934599F7-3AB0-8F20-E489-B0A81DC83ABA}"
EndProject
Project("{FAE04EC0-301F-11D3-BF4B-00C04F79EFBC}") = "XSharp.X86", "XSharp\src\XSharp.X86\XSharp.X86.csproj", "{27BC81A9-252E-16C2-49F3-ABE6233B31E5}"
EndProject
Project("{FAE04EC0-301F-11D3-BF4B-00C04F79EFBC}") = "Cosmos.Aot.Asm.SourceGenerator", "Liquip\src\Cosmos.Aot.Asm.SourceGenerator\Cosmos.Aot.Asm.SourceGenerator.csproj", "{608B5216-48E6-3A02-1F33-B319DF84C60B}"
EndProject
Project("{2150E333-8FDC-42A3-9474-1A3956D46DE8}") = "XSharp", "XSharp", "{04390ACF-584B-455A-BAA1-9E4293D2DAF8}"
EndProject
Project("{2150E333-8FDC-42A3-9474-1A3956D46DE8}") = "Assembly", "Assembly", "{F35067C5-7ED8-49D8-9C0A-CD7EA8D7EC5F}"
EndProject
Project("{FAE04EC0-301F-11D3-BF4B-00C04F79EFBC}") = "Cosmos.XSharp.Build", "Liquip\src\Cosmos.XSharp.Build\Cosmos.XSharp.Build.csproj", "{4F3C37D1-A9E7-BE19-DF74-1C004013ACC0}"
EndProject
Global
	GlobalSection(SolutionConfigurationPlatforms) = preSolution
		Debug|Any CPU = Debug|Any CPU
		Debug|x64 = Debug|x64
		Debug|x86 = Debug|x86
		Release|Any CPU = Release|Any CPU
		Release|x64 = Release|x64
		Release|x86 = Release|x86
	EndGlobalSection
	GlobalSection(ProjectConfigurationPlatforms) = postSolution
		{8391B4C8-649D-4BB4-9DB1-3572E1E6393B}.Debug|Any CPU.ActiveCfg = Debug|Any CPU
		{8391B4C8-649D-4BB4-9DB1-3572E1E6393B}.Debug|Any CPU.Build.0 = Debug|Any CPU
		{8391B4C8-649D-4BB4-9DB1-3572E1E6393B}.Debug|x64.ActiveCfg = Debug|Any CPU
		{8391B4C8-649D-4BB4-9DB1-3572E1E6393B}.Debug|x64.Build.0 = Debug|Any CPU
		{8391B4C8-649D-4BB4-9DB1-3572E1E6393B}.Debug|x86.ActiveCfg = Debug|Any CPU
		{8391B4C8-649D-4BB4-9DB1-3572E1E6393B}.Debug|x86.Build.0 = Debug|Any CPU
		{8391B4C8-649D-4BB4-9DB1-3572E1E6393B}.Release|Any CPU.ActiveCfg = Release|Any CPU
		{8391B4C8-649D-4BB4-9DB1-3572E1E6393B}.Release|Any CPU.Build.0 = Release|Any CPU
		{8391B4C8-649D-4BB4-9DB1-3572E1E6393B}.Release|x64.ActiveCfg = Release|Any CPU
		{8391B4C8-649D-4BB4-9DB1-3572E1E6393B}.Release|x64.Build.0 = Release|Any CPU
		{8391B4C8-649D-4BB4-9DB1-3572E1E6393B}.Release|x86.ActiveCfg = Release|Any CPU
		{8391B4C8-649D-4BB4-9DB1-3572E1E6393B}.Release|x86.Build.0 = Release|Any CPU
		{CE1D66BE-E731-4A6B-9050-120F537C3706}.Debug|Any CPU.ActiveCfg = Debug|Any CPU
		{CE1D66BE-E731-4A6B-9050-120F537C3706}.Debug|Any CPU.Build.0 = Debug|Any CPU
		{CE1D66BE-E731-4A6B-9050-120F537C3706}.Debug|x64.ActiveCfg = Debug|Any CPU
		{CE1D66BE-E731-4A6B-9050-120F537C3706}.Debug|x64.Build.0 = Debug|Any CPU
		{CE1D66BE-E731-4A6B-9050-120F537C3706}.Debug|x86.ActiveCfg = Debug|Any CPU
		{CE1D66BE-E731-4A6B-9050-120F537C3706}.Debug|x86.Build.0 = Debug|Any CPU
		{CE1D66BE-E731-4A6B-9050-120F537C3706}.Release|Any CPU.ActiveCfg = Release|Any CPU
		{CE1D66BE-E731-4A6B-9050-120F537C3706}.Release|Any CPU.Build.0 = Release|Any CPU
		{CE1D66BE-E731-4A6B-9050-120F537C3706}.Release|x64.ActiveCfg = Release|Any CPU
		{CE1D66BE-E731-4A6B-9050-120F537C3706}.Release|x64.Build.0 = Release|Any CPU
		{CE1D66BE-E731-4A6B-9050-120F537C3706}.Release|x86.ActiveCfg = Release|Any CPU
		{CE1D66BE-E731-4A6B-9050-120F537C3706}.Release|x86.Build.0 = Release|Any CPU
		{3C44C7AD-1535-45E0-8CDB-4FD6AE68C026}.Debug|Any CPU.ActiveCfg = Debug|Any CPU
		{3C44C7AD-1535-45E0-8CDB-4FD6AE68C026}.Debug|Any CPU.Build.0 = Debug|Any CPU
		{3C44C7AD-1535-45E0-8CDB-4FD6AE68C026}.Debug|x64.ActiveCfg = Debug|Any CPU
		{3C44C7AD-1535-45E0-8CDB-4FD6AE68C026}.Debug|x64.Build.0 = Debug|Any CPU
		{3C44C7AD-1535-45E0-8CDB-4FD6AE68C026}.Debug|x86.ActiveCfg = Debug|Any CPU
		{3C44C7AD-1535-45E0-8CDB-4FD6AE68C026}.Debug|x86.Build.0 = Debug|Any CPU
		{3C44C7AD-1535-45E0-8CDB-4FD6AE68C026}.Release|Any CPU.ActiveCfg = Release|Any CPU
		{3C44C7AD-1535-45E0-8CDB-4FD6AE68C026}.Release|Any CPU.Build.0 = Release|Any CPU
		{3C44C7AD-1535-45E0-8CDB-4FD6AE68C026}.Release|x64.ActiveCfg = Release|Any CPU
		{3C44C7AD-1535-45E0-8CDB-4FD6AE68C026}.Release|x64.Build.0 = Release|Any CPU
		{3C44C7AD-1535-45E0-8CDB-4FD6AE68C026}.Release|x86.ActiveCfg = Release|Any CPU
		{3C44C7AD-1535-45E0-8CDB-4FD6AE68C026}.Release|x86.Build.0 = Release|Any CPU
		{96E607F9-EB08-45E2-97FE-4120F194DF0B}.Debug|Any CPU.ActiveCfg = Debug|Any CPU
		{96E607F9-EB08-45E2-97FE-4120F194DF0B}.Debug|Any CPU.Build.0 = Debug|Any CPU
		{96E607F9-EB08-45E2-97FE-4120F194DF0B}.Debug|x64.ActiveCfg = Debug|Any CPU
		{96E607F9-EB08-45E2-97FE-4120F194DF0B}.Debug|x64.Build.0 = Debug|Any CPU
		{96E607F9-EB08-45E2-97FE-4120F194DF0B}.Debug|x86.ActiveCfg = Debug|Any CPU
		{96E607F9-EB08-45E2-97FE-4120F194DF0B}.Debug|x86.Build.0 = Debug|Any CPU
		{96E607F9-EB08-45E2-97FE-4120F194DF0B}.Release|Any CPU.ActiveCfg = Release|Any CPU
		{96E607F9-EB08-45E2-97FE-4120F194DF0B}.Release|Any CPU.Build.0 = Release|Any CPU
		{96E607F9-EB08-45E2-97FE-4120F194DF0B}.Release|x64.ActiveCfg = Release|Any CPU
		{96E607F9-EB08-45E2-97FE-4120F194DF0B}.Release|x64.Build.0 = Release|Any CPU
		{96E607F9-EB08-45E2-97FE-4120F194DF0B}.Release|x86.ActiveCfg = Release|Any CPU
		{96E607F9-EB08-45E2-97FE-4120F194DF0B}.Release|x86.Build.0 = Release|Any CPU
		{A63FA839-937C-4D35-A591-96424B25C889}.Debug|Any CPU.ActiveCfg = Debug|Any CPU
		{A63FA839-937C-4D35-A591-96424B25C889}.Debug|Any CPU.Build.0 = Debug|Any CPU
		{A63FA839-937C-4D35-A591-96424B25C889}.Debug|x64.ActiveCfg = Debug|Any CPU
		{A63FA839-937C-4D35-A591-96424B25C889}.Debug|x64.Build.0 = Debug|Any CPU
		{A63FA839-937C-4D35-A591-96424B25C889}.Debug|x86.ActiveCfg = Debug|Any CPU
		{A63FA839-937C-4D35-A591-96424B25C889}.Debug|x86.Build.0 = Debug|Any CPU
		{A63FA839-937C-4D35-A591-96424B25C889}.Release|Any CPU.ActiveCfg = Release|Any CPU
		{A63FA839-937C-4D35-A591-96424B25C889}.Release|Any CPU.Build.0 = Release|Any CPU
		{A63FA839-937C-4D35-A591-96424B25C889}.Release|x64.ActiveCfg = Release|Any CPU
		{A63FA839-937C-4D35-A591-96424B25C889}.Release|x64.Build.0 = Release|Any CPU
		{A63FA839-937C-4D35-A591-96424B25C889}.Release|x86.ActiveCfg = Release|Any CPU
		{A63FA839-937C-4D35-A591-96424B25C889}.Release|x86.Build.0 = Release|Any CPU
		{82115156-671C-4FDC-831B-2297AB1FAB79}.Debug|Any CPU.ActiveCfg = Debug|Any CPU
		{82115156-671C-4FDC-831B-2297AB1FAB79}.Debug|Any CPU.Build.0 = Debug|Any CPU
		{82115156-671C-4FDC-831B-2297AB1FAB79}.Debug|x64.ActiveCfg = Debug|Any CPU
		{82115156-671C-4FDC-831B-2297AB1FAB79}.Debug|x64.Build.0 = Debug|Any CPU
		{82115156-671C-4FDC-831B-2297AB1FAB79}.Debug|x86.ActiveCfg = Debug|Any CPU
		{82115156-671C-4FDC-831B-2297AB1FAB79}.Debug|x86.Build.0 = Debug|Any CPU
		{82115156-671C-4FDC-831B-2297AB1FAB79}.Release|Any CPU.ActiveCfg = Release|Any CPU
		{82115156-671C-4FDC-831B-2297AB1FAB79}.Release|Any CPU.Build.0 = Release|Any CPU
		{82115156-671C-4FDC-831B-2297AB1FAB79}.Release|x64.ActiveCfg = Release|Any CPU
		{82115156-671C-4FDC-831B-2297AB1FAB79}.Release|x64.Build.0 = Release|Any CPU
		{82115156-671C-4FDC-831B-2297AB1FAB79}.Release|x86.ActiveCfg = Release|Any CPU
		{82115156-671C-4FDC-831B-2297AB1FAB79}.Release|x86.Build.0 = Release|Any CPU
		{D9940E28-9B2E-4570-97C1-F2CE886CC378}.Debug|Any CPU.ActiveCfg = Debug|Any CPU
		{D9940E28-9B2E-4570-97C1-F2CE886CC378}.Debug|Any CPU.Build.0 = Debug|Any CPU
		{D9940E28-9B2E-4570-97C1-F2CE886CC378}.Debug|x64.ActiveCfg = Debug|Any CPU
		{D9940E28-9B2E-4570-97C1-F2CE886CC378}.Debug|x64.Build.0 = Debug|Any CPU
		{D9940E28-9B2E-4570-97C1-F2CE886CC378}.Debug|x86.ActiveCfg = Debug|Any CPU
		{D9940E28-9B2E-4570-97C1-F2CE886CC378}.Debug|x86.Build.0 = Debug|Any CPU
		{D9940E28-9B2E-4570-97C1-F2CE886CC378}.Release|Any CPU.ActiveCfg = Release|Any CPU
		{D9940E28-9B2E-4570-97C1-F2CE886CC378}.Release|Any CPU.Build.0 = Release|Any CPU
		{D9940E28-9B2E-4570-97C1-F2CE886CC378}.Release|x64.ActiveCfg = Release|Any CPU
		{D9940E28-9B2E-4570-97C1-F2CE886CC378}.Release|x64.Build.0 = Release|Any CPU
		{D9940E28-9B2E-4570-97C1-F2CE886CC378}.Release|x86.ActiveCfg = Release|Any CPU
		{D9940E28-9B2E-4570-97C1-F2CE886CC378}.Release|x86.Build.0 = Release|Any CPU
		{43929895-D48F-4202-9247-781C886268B5}.Debug|Any CPU.ActiveCfg = Debug|Any CPU
		{43929895-D48F-4202-9247-781C886268B5}.Debug|Any CPU.Build.0 = Debug|Any CPU
		{43929895-D48F-4202-9247-781C886268B5}.Debug|x64.ActiveCfg = Debug|Any CPU
		{43929895-D48F-4202-9247-781C886268B5}.Debug|x64.Build.0 = Debug|Any CPU
		{43929895-D48F-4202-9247-781C886268B5}.Debug|x86.ActiveCfg = Debug|Any CPU
		{43929895-D48F-4202-9247-781C886268B5}.Debug|x86.Build.0 = Debug|Any CPU
		{43929895-D48F-4202-9247-781C886268B5}.Release|Any CPU.ActiveCfg = Release|Any CPU
		{43929895-D48F-4202-9247-781C886268B5}.Release|Any CPU.Build.0 = Release|Any CPU
		{43929895-D48F-4202-9247-781C886268B5}.Release|x64.ActiveCfg = Release|Any CPU
		{43929895-D48F-4202-9247-781C886268B5}.Release|x64.Build.0 = Release|Any CPU
		{43929895-D48F-4202-9247-781C886268B5}.Release|x86.ActiveCfg = Release|Any CPU
		{43929895-D48F-4202-9247-781C886268B5}.Release|x86.Build.0 = Release|Any CPU
		{E11B12DF-6044-431F-B2AC-D6E8B4C57437}.Debug|Any CPU.ActiveCfg = Debug|Any CPU
		{E11B12DF-6044-431F-B2AC-D6E8B4C57437}.Debug|Any CPU.Build.0 = Debug|Any CPU
		{E11B12DF-6044-431F-B2AC-D6E8B4C57437}.Debug|x64.ActiveCfg = Debug|Any CPU
		{E11B12DF-6044-431F-B2AC-D6E8B4C57437}.Debug|x64.Build.0 = Debug|Any CPU
		{E11B12DF-6044-431F-B2AC-D6E8B4C57437}.Debug|x86.ActiveCfg = Debug|Any CPU
		{E11B12DF-6044-431F-B2AC-D6E8B4C57437}.Debug|x86.Build.0 = Debug|Any CPU
		{E11B12DF-6044-431F-B2AC-D6E8B4C57437}.Release|Any CPU.ActiveCfg = Release|Any CPU
		{E11B12DF-6044-431F-B2AC-D6E8B4C57437}.Release|Any CPU.Build.0 = Release|Any CPU
		{E11B12DF-6044-431F-B2AC-D6E8B4C57437}.Release|x64.ActiveCfg = Release|Any CPU
		{E11B12DF-6044-431F-B2AC-D6E8B4C57437}.Release|x64.Build.0 = Release|Any CPU
		{E11B12DF-6044-431F-B2AC-D6E8B4C57437}.Release|x86.ActiveCfg = Release|Any CPU
		{E11B12DF-6044-431F-B2AC-D6E8B4C57437}.Release|x86.Build.0 = Release|Any CPU
		{9E96D4C7-2DE7-417F-A623-9B47A061EBB9}.Debug|Any CPU.ActiveCfg = Debug|Any CPU
		{9E96D4C7-2DE7-417F-A623-9B47A061EBB9}.Debug|Any CPU.Build.0 = Debug|Any CPU
		{9E96D4C7-2DE7-417F-A623-9B47A061EBB9}.Debug|x64.ActiveCfg = Debug|Any CPU
		{9E96D4C7-2DE7-417F-A623-9B47A061EBB9}.Debug|x64.Build.0 = Debug|Any CPU
		{9E96D4C7-2DE7-417F-A623-9B47A061EBB9}.Debug|x86.ActiveCfg = Debug|Any CPU
		{9E96D4C7-2DE7-417F-A623-9B47A061EBB9}.Debug|x86.Build.0 = Debug|Any CPU
		{9E96D4C7-2DE7-417F-A623-9B47A061EBB9}.Release|Any CPU.ActiveCfg = Release|Any CPU
		{9E96D4C7-2DE7-417F-A623-9B47A061EBB9}.Release|Any CPU.Build.0 = Release|Any CPU
		{9E96D4C7-2DE7-417F-A623-9B47A061EBB9}.Release|x64.ActiveCfg = Release|Any CPU
		{9E96D4C7-2DE7-417F-A623-9B47A061EBB9}.Release|x64.Build.0 = Release|Any CPU
		{9E96D4C7-2DE7-417F-A623-9B47A061EBB9}.Release|x86.ActiveCfg = Release|Any CPU
		{9E96D4C7-2DE7-417F-A623-9B47A061EBB9}.Release|x86.Build.0 = Release|Any CPU
		{72DFE19A-B923-49AB-B1B1-9B6E2351F5A0}.Debug|Any CPU.ActiveCfg = Debug|Any CPU
		{72DFE19A-B923-49AB-B1B1-9B6E2351F5A0}.Debug|Any CPU.Build.0 = Debug|Any CPU
		{72DFE19A-B923-49AB-B1B1-9B6E2351F5A0}.Debug|x64.ActiveCfg = Debug|Any CPU
		{72DFE19A-B923-49AB-B1B1-9B6E2351F5A0}.Debug|x64.Build.0 = Debug|Any CPU
		{72DFE19A-B923-49AB-B1B1-9B6E2351F5A0}.Debug|x86.ActiveCfg = Debug|Any CPU
		{72DFE19A-B923-49AB-B1B1-9B6E2351F5A0}.Debug|x86.Build.0 = Debug|Any CPU
		{72DFE19A-B923-49AB-B1B1-9B6E2351F5A0}.Release|Any CPU.ActiveCfg = Release|Any CPU
		{72DFE19A-B923-49AB-B1B1-9B6E2351F5A0}.Release|Any CPU.Build.0 = Release|Any CPU
		{72DFE19A-B923-49AB-B1B1-9B6E2351F5A0}.Release|x64.ActiveCfg = Release|Any CPU
		{72DFE19A-B923-49AB-B1B1-9B6E2351F5A0}.Release|x64.Build.0 = Release|Any CPU
		{72DFE19A-B923-49AB-B1B1-9B6E2351F5A0}.Release|x86.ActiveCfg = Release|Any CPU
		{72DFE19A-B923-49AB-B1B1-9B6E2351F5A0}.Release|x86.Build.0 = Release|Any CPU
		{8BB57B06-1852-42A6-8C53-C04ADF8B50A1}.Debug|Any CPU.ActiveCfg = Debug|x64
		{8BB57B06-1852-42A6-8C53-C04ADF8B50A1}.Debug|Any CPU.Build.0 = Debug|x64
		{8BB57B06-1852-42A6-8C53-C04ADF8B50A1}.Debug|x64.ActiveCfg = Debug|x64
		{8BB57B06-1852-42A6-8C53-C04ADF8B50A1}.Debug|x64.Build.0 = Debug|x64
		{8BB57B06-1852-42A6-8C53-C04ADF8B50A1}.Debug|x86.ActiveCfg = Debug|Win32
		{8BB57B06-1852-42A6-8C53-C04ADF8B50A1}.Debug|x86.Build.0 = Debug|Win32
		{8BB57B06-1852-42A6-8C53-C04ADF8B50A1}.Release|Any CPU.ActiveCfg = Release|x64
		{8BB57B06-1852-42A6-8C53-C04ADF8B50A1}.Release|Any CPU.Build.0 = Release|x64
		{8BB57B06-1852-42A6-8C53-C04ADF8B50A1}.Release|x64.ActiveCfg = Release|x64
		{8BB57B06-1852-42A6-8C53-C04ADF8B50A1}.Release|x64.Build.0 = Release|x64
		{8BB57B06-1852-42A6-8C53-C04ADF8B50A1}.Release|x86.ActiveCfg = Release|Win32
		{8BB57B06-1852-42A6-8C53-C04ADF8B50A1}.Release|x86.Build.0 = Release|Win32
		{6BF83419-C6CB-4A0E-BB87-20D433BDD3AE}.Debug|Any CPU.ActiveCfg = Debug|Any CPU
		{6BF83419-C6CB-4A0E-BB87-20D433BDD3AE}.Debug|Any CPU.Build.0 = Debug|Any CPU
		{6BF83419-C6CB-4A0E-BB87-20D433BDD3AE}.Debug|x64.ActiveCfg = Debug|Any CPU
		{6BF83419-C6CB-4A0E-BB87-20D433BDD3AE}.Debug|x64.Build.0 = Debug|Any CPU
		{6BF83419-C6CB-4A0E-BB87-20D433BDD3AE}.Debug|x86.ActiveCfg = Debug|Any CPU
		{6BF83419-C6CB-4A0E-BB87-20D433BDD3AE}.Debug|x86.Build.0 = Debug|Any CPU
		{6BF83419-C6CB-4A0E-BB87-20D433BDD3AE}.Release|Any CPU.ActiveCfg = Release|Any CPU
		{6BF83419-C6CB-4A0E-BB87-20D433BDD3AE}.Release|Any CPU.Build.0 = Release|Any CPU
		{6BF83419-C6CB-4A0E-BB87-20D433BDD3AE}.Release|x64.ActiveCfg = Release|Any CPU
		{6BF83419-C6CB-4A0E-BB87-20D433BDD3AE}.Release|x64.Build.0 = Release|Any CPU
		{6BF83419-C6CB-4A0E-BB87-20D433BDD3AE}.Release|x86.ActiveCfg = Release|Any CPU
		{6BF83419-C6CB-4A0E-BB87-20D433BDD3AE}.Release|x86.Build.0 = Release|Any CPU
		{A0B0B7F7-3986-45EA-A2D2-1885C8DA1AB5}.Debug|Any CPU.ActiveCfg = Debug|Any CPU
		{A0B0B7F7-3986-45EA-A2D2-1885C8DA1AB5}.Debug|Any CPU.Build.0 = Debug|Any CPU
		{A0B0B7F7-3986-45EA-A2D2-1885C8DA1AB5}.Debug|x64.ActiveCfg = Debug|Any CPU
		{A0B0B7F7-3986-45EA-A2D2-1885C8DA1AB5}.Debug|x64.Build.0 = Debug|Any CPU
		{A0B0B7F7-3986-45EA-A2D2-1885C8DA1AB5}.Debug|x86.ActiveCfg = Debug|Any CPU
		{A0B0B7F7-3986-45EA-A2D2-1885C8DA1AB5}.Debug|x86.Build.0 = Debug|Any CPU
		{A0B0B7F7-3986-45EA-A2D2-1885C8DA1AB5}.Release|Any CPU.ActiveCfg = Release|Any CPU
		{A0B0B7F7-3986-45EA-A2D2-1885C8DA1AB5}.Release|Any CPU.Build.0 = Release|Any CPU
		{A0B0B7F7-3986-45EA-A2D2-1885C8DA1AB5}.Release|x64.ActiveCfg = Release|Any CPU
		{A0B0B7F7-3986-45EA-A2D2-1885C8DA1AB5}.Release|x64.Build.0 = Release|Any CPU
		{A0B0B7F7-3986-45EA-A2D2-1885C8DA1AB5}.Release|x86.ActiveCfg = Release|Any CPU
		{A0B0B7F7-3986-45EA-A2D2-1885C8DA1AB5}.Release|x86.Build.0 = Release|Any CPU
		{D707F971-E1D1-4F64-885B-87E93B31036E}.Debug|Any CPU.ActiveCfg = Debug|Any CPU
		{D707F971-E1D1-4F64-885B-87E93B31036E}.Debug|Any CPU.Build.0 = Debug|Any CPU
		{D707F971-E1D1-4F64-885B-87E93B31036E}.Debug|x64.ActiveCfg = Debug|Any CPU
		{D707F971-E1D1-4F64-885B-87E93B31036E}.Debug|x64.Build.0 = Debug|Any CPU
		{D707F971-E1D1-4F64-885B-87E93B31036E}.Debug|x86.ActiveCfg = Debug|Any CPU
		{D707F971-E1D1-4F64-885B-87E93B31036E}.Debug|x86.Build.0 = Debug|Any CPU
		{D707F971-E1D1-4F64-885B-87E93B31036E}.Release|Any CPU.ActiveCfg = Release|Any CPU
		{D707F971-E1D1-4F64-885B-87E93B31036E}.Release|Any CPU.Build.0 = Release|Any CPU
		{D707F971-E1D1-4F64-885B-87E93B31036E}.Release|x64.ActiveCfg = Release|Any CPU
		{D707F971-E1D1-4F64-885B-87E93B31036E}.Release|x64.Build.0 = Release|Any CPU
		{D707F971-E1D1-4F64-885B-87E93B31036E}.Release|x86.ActiveCfg = Release|Any CPU
		{D707F971-E1D1-4F64-885B-87E93B31036E}.Release|x86.Build.0 = Release|Any CPU
		{58F7581C-9281-4804-82A8-C160F658BFBD}.Debug|Any CPU.ActiveCfg = Debug|Any CPU
		{58F7581C-9281-4804-82A8-C160F658BFBD}.Debug|Any CPU.Build.0 = Debug|Any CPU
		{58F7581C-9281-4804-82A8-C160F658BFBD}.Debug|x64.ActiveCfg = Debug|Any CPU
		{58F7581C-9281-4804-82A8-C160F658BFBD}.Debug|x64.Build.0 = Debug|Any CPU
		{58F7581C-9281-4804-82A8-C160F658BFBD}.Debug|x86.ActiveCfg = Debug|Any CPU
		{58F7581C-9281-4804-82A8-C160F658BFBD}.Debug|x86.Build.0 = Debug|Any CPU
		{58F7581C-9281-4804-82A8-C160F658BFBD}.Release|Any CPU.ActiveCfg = Release|Any CPU
		{58F7581C-9281-4804-82A8-C160F658BFBD}.Release|Any CPU.Build.0 = Release|Any CPU
		{58F7581C-9281-4804-82A8-C160F658BFBD}.Release|x64.ActiveCfg = Release|Any CPU
		{58F7581C-9281-4804-82A8-C160F658BFBD}.Release|x64.Build.0 = Release|Any CPU
		{58F7581C-9281-4804-82A8-C160F658BFBD}.Release|x86.ActiveCfg = Release|Any CPU
		{58F7581C-9281-4804-82A8-C160F658BFBD}.Release|x86.Build.0 = Release|Any CPU
		{82DE5BBB-189D-3264-7A5D-C4B08F70D062}.Debug|Any CPU.ActiveCfg = Debug|Any CPU
		{82DE5BBB-189D-3264-7A5D-C4B08F70D062}.Debug|Any CPU.Build.0 = Debug|Any CPU
		{82DE5BBB-189D-3264-7A5D-C4B08F70D062}.Debug|x64.ActiveCfg = Debug|Any CPU
		{82DE5BBB-189D-3264-7A5D-C4B08F70D062}.Debug|x64.Build.0 = Debug|Any CPU
		{82DE5BBB-189D-3264-7A5D-C4B08F70D062}.Debug|x86.ActiveCfg = Debug|Any CPU
		{82DE5BBB-189D-3264-7A5D-C4B08F70D062}.Debug|x86.Build.0 = Debug|Any CPU
		{82DE5BBB-189D-3264-7A5D-C4B08F70D062}.Release|Any CPU.ActiveCfg = Release|Any CPU
		{82DE5BBB-189D-3264-7A5D-C4B08F70D062}.Release|Any CPU.Build.0 = Release|Any CPU
		{82DE5BBB-189D-3264-7A5D-C4B08F70D062}.Release|x64.ActiveCfg = Release|Any CPU
		{82DE5BBB-189D-3264-7A5D-C4B08F70D062}.Release|x64.Build.0 = Release|Any CPU
		{82DE5BBB-189D-3264-7A5D-C4B08F70D062}.Release|x86.ActiveCfg = Release|Any CPU
		{82DE5BBB-189D-3264-7A5D-C4B08F70D062}.Release|x86.Build.0 = Release|Any CPU
		{D7B206FE-8886-568B-BDE5-86F9CE7A10A2}.Debug|Any CPU.ActiveCfg = Debug|Any CPU
		{D7B206FE-8886-568B-BDE5-86F9CE7A10A2}.Debug|Any CPU.Build.0 = Debug|Any CPU
		{D7B206FE-8886-568B-BDE5-86F9CE7A10A2}.Debug|x64.ActiveCfg = Debug|Any CPU
		{D7B206FE-8886-568B-BDE5-86F9CE7A10A2}.Debug|x64.Build.0 = Debug|Any CPU
		{D7B206FE-8886-568B-BDE5-86F9CE7A10A2}.Debug|x86.ActiveCfg = Debug|Any CPU
		{D7B206FE-8886-568B-BDE5-86F9CE7A10A2}.Debug|x86.Build.0 = Debug|Any CPU
		{D7B206FE-8886-568B-BDE5-86F9CE7A10A2}.Release|Any CPU.ActiveCfg = Release|Any CPU
		{D7B206FE-8886-568B-BDE5-86F9CE7A10A2}.Release|Any CPU.Build.0 = Release|Any CPU
		{D7B206FE-8886-568B-BDE5-86F9CE7A10A2}.Release|x64.ActiveCfg = Release|Any CPU
		{D7B206FE-8886-568B-BDE5-86F9CE7A10A2}.Release|x64.Build.0 = Release|Any CPU
		{D7B206FE-8886-568B-BDE5-86F9CE7A10A2}.Release|x86.ActiveCfg = Release|Any CPU
		{D7B206FE-8886-568B-BDE5-86F9CE7A10A2}.Release|x86.Build.0 = Release|Any CPU
		{CF7BFE16-C3CF-37FC-F231-A51F33F36184}.Debug|Any CPU.ActiveCfg = Debug|Any CPU
		{CF7BFE16-C3CF-37FC-F231-A51F33F36184}.Debug|Any CPU.Build.0 = Debug|Any CPU
		{CF7BFE16-C3CF-37FC-F231-A51F33F36184}.Debug|x64.ActiveCfg = Debug|Any CPU
		{CF7BFE16-C3CF-37FC-F231-A51F33F36184}.Debug|x64.Build.0 = Debug|Any CPU
		{CF7BFE16-C3CF-37FC-F231-A51F33F36184}.Debug|x86.ActiveCfg = Debug|Any CPU
		{CF7BFE16-C3CF-37FC-F231-A51F33F36184}.Debug|x86.Build.0 = Debug|Any CPU
		{CF7BFE16-C3CF-37FC-F231-A51F33F36184}.Release|Any CPU.ActiveCfg = Release|Any CPU
		{CF7BFE16-C3CF-37FC-F231-A51F33F36184}.Release|Any CPU.Build.0 = Release|Any CPU
		{CF7BFE16-C3CF-37FC-F231-A51F33F36184}.Release|x64.ActiveCfg = Release|Any CPU
		{CF7BFE16-C3CF-37FC-F231-A51F33F36184}.Release|x64.Build.0 = Release|Any CPU
		{CF7BFE16-C3CF-37FC-F231-A51F33F36184}.Release|x86.ActiveCfg = Release|Any CPU
		{CF7BFE16-C3CF-37FC-F231-A51F33F36184}.Release|x86.Build.0 = Release|Any CPU
		{934599F7-3AB0-8F20-E489-B0A81DC83ABA}.Debug|Any CPU.ActiveCfg = Debug|Any CPU
		{934599F7-3AB0-8F20-E489-B0A81DC83ABA}.Debug|Any CPU.Build.0 = Debug|Any CPU
		{934599F7-3AB0-8F20-E489-B0A81DC83ABA}.Debug|x64.ActiveCfg = Debug|Any CPU
		{934599F7-3AB0-8F20-E489-B0A81DC83ABA}.Debug|x64.Build.0 = Debug|Any CPU
		{934599F7-3AB0-8F20-E489-B0A81DC83ABA}.Debug|x86.ActiveCfg = Debug|Any CPU
		{934599F7-3AB0-8F20-E489-B0A81DC83ABA}.Debug|x86.Build.0 = Debug|Any CPU
		{934599F7-3AB0-8F20-E489-B0A81DC83ABA}.Release|Any CPU.ActiveCfg = Release|Any CPU
		{934599F7-3AB0-8F20-E489-B0A81DC83ABA}.Release|Any CPU.Build.0 = Release|Any CPU
		{934599F7-3AB0-8F20-E489-B0A81DC83ABA}.Release|x64.ActiveCfg = Release|Any CPU
		{934599F7-3AB0-8F20-E489-B0A81DC83ABA}.Release|x64.Build.0 = Release|Any CPU
		{934599F7-3AB0-8F20-E489-B0A81DC83ABA}.Release|x86.ActiveCfg = Release|Any CPU
		{934599F7-3AB0-8F20-E489-B0A81DC83ABA}.Release|x86.Build.0 = Release|Any CPU
		{27BC81A9-252E-16C2-49F3-ABE6233B31E5}.Debug|Any CPU.ActiveCfg = Debug|Any CPU
		{27BC81A9-252E-16C2-49F3-ABE6233B31E5}.Debug|Any CPU.Build.0 = Debug|Any CPU
		{27BC81A9-252E-16C2-49F3-ABE6233B31E5}.Debug|x64.ActiveCfg = Debug|Any CPU
		{27BC81A9-252E-16C2-49F3-ABE6233B31E5}.Debug|x64.Build.0 = Debug|Any CPU
		{27BC81A9-252E-16C2-49F3-ABE6233B31E5}.Debug|x86.ActiveCfg = Debug|Any CPU
		{27BC81A9-252E-16C2-49F3-ABE6233B31E5}.Debug|x86.Build.0 = Debug|Any CPU
		{27BC81A9-252E-16C2-49F3-ABE6233B31E5}.Release|Any CPU.ActiveCfg = Release|Any CPU
		{27BC81A9-252E-16C2-49F3-ABE6233B31E5}.Release|Any CPU.Build.0 = Release|Any CPU
		{27BC81A9-252E-16C2-49F3-ABE6233B31E5}.Release|x64.ActiveCfg = Release|Any CPU
		{27BC81A9-252E-16C2-49F3-ABE6233B31E5}.Release|x64.Build.0 = Release|Any CPU
		{27BC81A9-252E-16C2-49F3-ABE6233B31E5}.Release|x86.ActiveCfg = Release|Any CPU
		{27BC81A9-252E-16C2-49F3-ABE6233B31E5}.Release|x86.Build.0 = Release|Any CPU
		{608B5216-48E6-3A02-1F33-B319DF84C60B}.Debug|Any CPU.ActiveCfg = Debug|Any CPU
		{608B5216-48E6-3A02-1F33-B319DF84C60B}.Debug|Any CPU.Build.0 = Debug|Any CPU
		{608B5216-48E6-3A02-1F33-B319DF84C60B}.Debug|x64.ActiveCfg = Debug|Any CPU
		{608B5216-48E6-3A02-1F33-B319DF84C60B}.Debug|x64.Build.0 = Debug|Any CPU
		{608B5216-48E6-3A02-1F33-B319DF84C60B}.Debug|x86.ActiveCfg = Debug|Any CPU
		{608B5216-48E6-3A02-1F33-B319DF84C60B}.Debug|x86.Build.0 = Debug|Any CPU
		{608B5216-48E6-3A02-1F33-B319DF84C60B}.Release|Any CPU.ActiveCfg = Release|Any CPU
		{608B5216-48E6-3A02-1F33-B319DF84C60B}.Release|Any CPU.Build.0 = Release|Any CPU
		{608B5216-48E6-3A02-1F33-B319DF84C60B}.Release|x64.ActiveCfg = Release|Any CPU
		{608B5216-48E6-3A02-1F33-B319DF84C60B}.Release|x64.Build.0 = Release|Any CPU
		{608B5216-48E6-3A02-1F33-B319DF84C60B}.Release|x86.ActiveCfg = Release|Any CPU
		{608B5216-48E6-3A02-1F33-B319DF84C60B}.Release|x86.Build.0 = Release|Any CPU
		{4F3C37D1-A9E7-BE19-DF74-1C004013ACC0}.Debug|Any CPU.ActiveCfg = Debug|Any CPU
		{4F3C37D1-A9E7-BE19-DF74-1C004013ACC0}.Debug|Any CPU.Build.0 = Debug|Any CPU
		{4F3C37D1-A9E7-BE19-DF74-1C004013ACC0}.Debug|x64.ActiveCfg = Debug|Any CPU
		{4F3C37D1-A9E7-BE19-DF74-1C004013ACC0}.Debug|x64.Build.0 = Debug|Any CPU
		{4F3C37D1-A9E7-BE19-DF74-1C004013ACC0}.Debug|x86.ActiveCfg = Debug|Any CPU
		{4F3C37D1-A9E7-BE19-DF74-1C004013ACC0}.Debug|x86.Build.0 = Debug|Any CPU
		{4F3C37D1-A9E7-BE19-DF74-1C004013ACC0}.Release|Any CPU.ActiveCfg = Release|Any CPU
		{4F3C37D1-A9E7-BE19-DF74-1C004013ACC0}.Release|Any CPU.Build.0 = Release|Any CPU
		{4F3C37D1-A9E7-BE19-DF74-1C004013ACC0}.Release|x64.ActiveCfg = Release|Any CPU
		{4F3C37D1-A9E7-BE19-DF74-1C004013ACC0}.Release|x64.Build.0 = Release|Any CPU
		{4F3C37D1-A9E7-BE19-DF74-1C004013ACC0}.Release|x86.ActiveCfg = Release|Any CPU
		{4F3C37D1-A9E7-BE19-DF74-1C004013ACC0}.Release|x86.Build.0 = Release|Any CPU
	EndGlobalSection
	GlobalSection(SolutionProperties) = preSolution
		HideSolutionNode = FALSE
	EndGlobalSection
	GlobalSection(NestedProjects) = preSolution
		{C42A0E56-F643-4D59-AB26-F580FAC60E01} = {6A615AE3-1D3E-4AF2-9DF6-D13F211F937E}
		{4E2E1B0F-900C-4DAC-877E-17541E35D5E1} = {0A3105A2-DDE4-4E30-9900-E72D06CAA6E9}
		{8391B4C8-649D-4BB4-9DB1-3572E1E6393B} = {F3761CF5-5B13-4500-ABFA-20773A543ABE}
		{CE1D66BE-E731-4A6B-9050-120F537C3706} = {4E2E1B0F-900C-4DAC-877E-17541E35D5E1}
		{3C44C7AD-1535-45E0-8CDB-4FD6AE68C026} = {4E2E1B0F-900C-4DAC-877E-17541E35D5E1}
		{96E607F9-EB08-45E2-97FE-4120F194DF0B} = {4E2E1B0F-900C-4DAC-877E-17541E35D5E1}
		{A63FA839-937C-4D35-A591-96424B25C889} = {0A3105A2-DDE4-4E30-9900-E72D06CAA6E9}
		{82115156-671C-4FDC-831B-2297AB1FAB79} = {6A615AE3-1D3E-4AF2-9DF6-D13F211F937E}
		{D9940E28-9B2E-4570-97C1-F2CE886CC378} = {0A3105A2-DDE4-4E30-9900-E72D06CAA6E9}
		{43929895-D48F-4202-9247-781C886268B5} = {F35067C5-7ED8-49D8-9C0A-CD7EA8D7EC5F}
		{E11B12DF-6044-431F-B2AC-D6E8B4C57437} = {F35067C5-7ED8-49D8-9C0A-CD7EA8D7EC5F}
		{9E96D4C7-2DE7-417F-A623-9B47A061EBB9} = {6A615AE3-1D3E-4AF2-9DF6-D13F211F937E}
		{72DFE19A-B923-49AB-B1B1-9B6E2351F5A0} = {8D6060ED-D188-449A-B819-50485E92D475}
		{8BB57B06-1852-42A6-8C53-C04ADF8B50A1} = {8D6060ED-D188-449A-B819-50485E92D475}
		{6BF83419-C6CB-4A0E-BB87-20D433BDD3AE} = {8D6060ED-D188-449A-B819-50485E92D475}
		{A0B0B7F7-3986-45EA-A2D2-1885C8DA1AB5} = {8D6060ED-D188-449A-B819-50485E92D475}
		{D707F971-E1D1-4F64-885B-87E93B31036E} = {8D6060ED-D188-449A-B819-50485E92D475}
		{58F7581C-9281-4804-82A8-C160F658BFBD} = {8D6060ED-D188-449A-B819-50485E92D475}
		{6A615AE3-1D3E-4AF2-9DF6-D13F211F937E} = {0A3105A2-DDE4-4E30-9900-E72D06CAA6E9}
		{82DE5BBB-189D-3264-7A5D-C4B08F70D062} = {6A615AE3-1D3E-4AF2-9DF6-D13F211F937E}
		{D7B206FE-8886-568B-BDE5-86F9CE7A10A2} = {02EA681E-C7D8-13C7-8484-4AC65E1B71E8}
		{CF7BFE16-C3CF-37FC-F231-A51F33F36184} = {CE43855A-474A-4EE0-9AD1-7215E1B03E21}
		{934599F7-3AB0-8F20-E489-B0A81DC83ABA} = {CE43855A-474A-4EE0-9AD1-7215E1B03E21}
		{27BC81A9-252E-16C2-49F3-ABE6233B31E5} = {CE43855A-474A-4EE0-9AD1-7215E1B03E21}
		{608B5216-48E6-3A02-1F33-B319DF84C60B} = {0A3105A2-DDE4-4E30-9900-E72D06CAA6E9}
		{04390ACF-584B-455A-BAA1-9E4293D2DAF8} = {C42A0E56-F643-4D59-AB26-F580FAC60E01}
		{F35067C5-7ED8-49D8-9C0A-CD7EA8D7EC5F} = {C42A0E56-F643-4D59-AB26-F580FAC60E01}
		{4F3C37D1-A9E7-BE19-DF74-1C004013ACC0} = {04390ACF-584B-455A-BAA1-9E4293D2DAF8}
	EndGlobalSection
	GlobalSection(ExtensibilityGlobals) = postSolution
		SolutionGuid = {A5F79743-261D-4458-8FD2-DBEBF177C6CC}
	EndGlobalSection
EndGlobal
