
Microsoft Visual Studio Solution File, Format Version 12.00
# Visual Studio Version 17
VisualStudioVersion = 17.0.31903.59
MinimumVisualStudioVersion = 10.0.40219.1
Project("{FAE04EC0-301F-11D3-BF4B-00C04F79EFBC}") = "Cosmos.Patcher", "src\Cosmos.Patcher\Cosmos.Patcher.csproj", "{BFE3B3A6-C530-41CC-B5F6-E1EA50B76173}"
EndProject
Project("{FAE04EC0-301F-11D3-BF4B-00C04F79EFBC}") = "Cosmos.Asm.Build", "src\Cosmos.Asm.Build\Cosmos.Asm.Build.csproj", "{D2B9C128-E020-4F6E-959D-EE4A0EB4EF95}"
EndProject
Project("{FAE04EC0-301F-11D3-BF4B-00C04F79EFBC}") = "Cosmos.API", "src\Cosmos.API\Cosmos.API.csproj", "{5544B160-9D32-42A8-8EC3-D3DDC72D0FF7}"
EndProject
Project("{2150E333-8FDC-42A3-9474-1A3956D46DE8}") = "Aot.Asm", "Aot.Asm", "{C42A0E56-F643-4D59-AB26-F580FAC60E01}"
EndProject
Project("{2150E333-8FDC-42A3-9474-1A3956D46DE8}") = "Test", "Test", "{E8477467-2571-4CD8-A4AF-48C89857AB48}"
EndProject
Project("{FAE04EC0-301F-11D3-BF4B-00C04F79EFBC}") = "Cosmos.Patcher.Build", "src\Cosmos.Patcher.Build\Cosmos.Patcher.Build.csproj", "{BBA11D4D-B79C-46C1-B479-D7482BE4D8E2}"
EndProject
Project("{FAE04EC0-301F-11D3-BF4B-00C04F79EFBC}") = "Cosmos.Patcher.Tests", "tests\Cosmos.Patcher.Tests\Cosmos.Patcher.Tests.csproj", "{53BDFA0A-62B9-42BB-8C1C-8D2913110B8D}"
EndProject
Project("{FAE04EC0-301F-11D3-BF4B-00C04F79EFBC}") = "Cosmos.Scanner.Tests", "tests\Cosmos.Scanner.Tests\Cosmos.Scanner.Tests.csproj", "{336C4576-4738-4BCB-9FE5-3D9DE37DFE7D}"
EndProject
Project("{FAE04EC0-301F-11D3-BF4B-00C04F79EFBC}") = "Cosmos.Patcher.Analyzer", "src\Cosmos.Patcher.Analyzer\Cosmos.Patcher.Analyzer.csproj", "{2F39381E-D1BA-480F-A4BF-B0DF959C9BA5}"
EndProject
Project("{FAE04EC0-301F-11D3-BF4B-00C04F79EFBC}") = "Cosmos.Patcher.Analyzer.CodeFixes", "src\Cosmos.Patcher.Analyzer.CodeFixes\Cosmos.Patcher.Analyzer.CodeFixes.csproj", "{E9E3E2CA-AAA2-4835-9264-8EFD44790A89}"
EndProject
Project("{FAE04EC0-301F-11D3-BF4B-00C04F79EFBC}") = "Cosmos.Patcher.Analyzer.Package", "src\Cosmos.Patcher.Analyzer.Package\Cosmos.Patcher.Analyzer.Package.csproj", "{BBCE7B79-04E4-471E-9106-93912FD53775}"
EndProject
Project("{FAE04EC0-301F-11D3-BF4B-00C04F79EFBC}") = "Cosmos.Patcher.Analyzer.Tests", "tests\Cosmos.Patcher.Analyzer.Tests\Cosmos.Patcher.Analyzer.Tests.csproj", "{91348BA3-7914-42EF-9067-EBD663046EB5}"
EndProject
Project("{2150E333-8FDC-42A3-9474-1A3956D46DE8}") = "Analyzer", "Analyzer", "{4E2E1B0F-900C-4DAC-877E-17541E35D5E1}"
EndProject
Project("{FAE04EC0-301F-11D3-BF4B-00C04F79EFBC}") = "Cosmos.Asm.Build.Windows", "src\Cosmos.Asm.Build.Windows\Cosmos.Asm.Build.Windows.csproj", "{8A7BBAF3-3BE6-4CB9-BDFB-1C6560A4119F}"
EndProject
Project("{FAE04EC0-301F-11D3-BF4B-00C04F79EFBC}") = "Cosmos.Asm.Build.Test", "tests\Cosmos.Asm.Build.Test\Cosmos.Asm.Build.Test.csproj", "{EE668E41-F03D-43FA-BE2B-F5E55626E3BA}"
EndProject
Project("{FAE04EC0-301F-11D3-BF4B-00C04F79EFBC}") = "Cosmos.ilc.Build", "src\Cosmos.ilc.Build\Cosmos.ilc.Build.csproj", "{AD90ED7E-C731-4981-ACAC-E1D34F7E87C2}"
EndProject
Project("{FAE04EC0-301F-11D3-BF4B-00C04F79EFBC}") = "Cosmos.NativeWrapper", "tests\Cosmos.NativeWrapper\Cosmos.NativeWrapper.csproj", "{248E41F4-DF9D-45DE-A942-D73321FFC71D}"
EndProject
Project("{2150E333-8FDC-42A3-9474-1A3956D46DE8}") = "tests", "tests", "{AEB8B6B6-6592-4C6D-9D83-3F7E799D02FC}"
EndProject
Project("{FAE04EC0-301F-11D3-BF4B-00C04F79EFBC}") = "Kernel", "tests\Cosmos.Kernel.Tests\Kernel.csproj", "{15755318-7CC4-4ECE-948E-198961185321}"
EndProject
Global
	GlobalSection(SolutionConfigurationPlatforms) = preSolution
		Debug|Any CPU = Debug|Any CPU
		Debug|x64 = Debug|x64
		Debug|x86 = Debug|x86
		Release|Any CPU = Release|Any CPU
		Release|x64 = Release|x64
		Release|x86 = Release|x86
	EndGlobalSection
	GlobalSection(ProjectConfigurationPlatforms) = postSolution
		{BFE3B3A6-C530-41CC-B5F6-E1EA50B76173}.Debug|Any CPU.ActiveCfg = Debug|Any CPU
		{BFE3B3A6-C530-41CC-B5F6-E1EA50B76173}.Debug|Any CPU.Build.0 = Debug|Any CPU
		{BFE3B3A6-C530-41CC-B5F6-E1EA50B76173}.Debug|x64.ActiveCfg = Debug|Any CPU
		{BFE3B3A6-C530-41CC-B5F6-E1EA50B76173}.Debug|x64.Build.0 = Debug|Any CPU
		{BFE3B3A6-C530-41CC-B5F6-E1EA50B76173}.Debug|x86.ActiveCfg = Debug|Any CPU
		{BFE3B3A6-C530-41CC-B5F6-E1EA50B76173}.Debug|x86.Build.0 = Debug|Any CPU
		{BFE3B3A6-C530-41CC-B5F6-E1EA50B76173}.Release|Any CPU.ActiveCfg = Release|Any CPU
		{BFE3B3A6-C530-41CC-B5F6-E1EA50B76173}.Release|Any CPU.Build.0 = Release|Any CPU
		{BFE3B3A6-C530-41CC-B5F6-E1EA50B76173}.Release|x64.ActiveCfg = Release|Any CPU
		{BFE3B3A6-C530-41CC-B5F6-E1EA50B76173}.Release|x64.Build.0 = Release|Any CPU
		{BFE3B3A6-C530-41CC-B5F6-E1EA50B76173}.Release|x86.ActiveCfg = Release|Any CPU
		{BFE3B3A6-C530-41CC-B5F6-E1EA50B76173}.Release|x86.Build.0 = Release|Any CPU
		{D2B9C128-E020-4F6E-959D-EE4A0EB4EF95}.Debug|Any CPU.ActiveCfg = Debug|Any CPU
		{D2B9C128-E020-4F6E-959D-EE4A0EB4EF95}.Debug|Any CPU.Build.0 = Debug|Any CPU
		{D2B9C128-E020-4F6E-959D-EE4A0EB4EF95}.Debug|x64.ActiveCfg = Debug|Any CPU
		{D2B9C128-E020-4F6E-959D-EE4A0EB4EF95}.Debug|x64.Build.0 = Debug|Any CPU
		{D2B9C128-E020-4F6E-959D-EE4A0EB4EF95}.Debug|x86.ActiveCfg = Debug|Any CPU
		{D2B9C128-E020-4F6E-959D-EE4A0EB4EF95}.Debug|x86.Build.0 = Debug|Any CPU
		{D2B9C128-E020-4F6E-959D-EE4A0EB4EF95}.Release|Any CPU.ActiveCfg = Release|Any CPU
		{D2B9C128-E020-4F6E-959D-EE4A0EB4EF95}.Release|Any CPU.Build.0 = Release|Any CPU
		{D2B9C128-E020-4F6E-959D-EE4A0EB4EF95}.Release|x64.ActiveCfg = Release|Any CPU
		{D2B9C128-E020-4F6E-959D-EE4A0EB4EF95}.Release|x64.Build.0 = Release|Any CPU
		{D2B9C128-E020-4F6E-959D-EE4A0EB4EF95}.Release|x86.ActiveCfg = Release|Any CPU
		{D2B9C128-E020-4F6E-959D-EE4A0EB4EF95}.Release|x86.Build.0 = Release|Any CPU
		{5544B160-9D32-42A8-8EC3-D3DDC72D0FF7}.Debug|Any CPU.ActiveCfg = Debug|Any CPU
		{5544B160-9D32-42A8-8EC3-D3DDC72D0FF7}.Debug|Any CPU.Build.0 = Debug|Any CPU
		{5544B160-9D32-42A8-8EC3-D3DDC72D0FF7}.Debug|x64.ActiveCfg = Debug|Any CPU
		{5544B160-9D32-42A8-8EC3-D3DDC72D0FF7}.Debug|x64.Build.0 = Debug|Any CPU
		{5544B160-9D32-42A8-8EC3-D3DDC72D0FF7}.Debug|x86.ActiveCfg = Debug|Any CPU
		{5544B160-9D32-42A8-8EC3-D3DDC72D0FF7}.Debug|x86.Build.0 = Debug|Any CPU
		{5544B160-9D32-42A8-8EC3-D3DDC72D0FF7}.Release|Any CPU.ActiveCfg = Release|Any CPU
		{5544B160-9D32-42A8-8EC3-D3DDC72D0FF7}.Release|Any CPU.Build.0 = Release|Any CPU
		{5544B160-9D32-42A8-8EC3-D3DDC72D0FF7}.Release|x64.ActiveCfg = Release|Any CPU
		{5544B160-9D32-42A8-8EC3-D3DDC72D0FF7}.Release|x64.Build.0 = Release|Any CPU
		{5544B160-9D32-42A8-8EC3-D3DDC72D0FF7}.Release|x86.ActiveCfg = Release|Any CPU
		{5544B160-9D32-42A8-8EC3-D3DDC72D0FF7}.Release|x86.Build.0 = Release|Any CPU
		{BBA11D4D-B79C-46C1-B479-D7482BE4D8E2}.Debug|Any CPU.ActiveCfg = Debug|Any CPU
		{BBA11D4D-B79C-46C1-B479-D7482BE4D8E2}.Debug|Any CPU.Build.0 = Debug|Any CPU
		{BBA11D4D-B79C-46C1-B479-D7482BE4D8E2}.Debug|x64.ActiveCfg = Debug|Any CPU
		{BBA11D4D-B79C-46C1-B479-D7482BE4D8E2}.Debug|x64.Build.0 = Debug|Any CPU
		{BBA11D4D-B79C-46C1-B479-D7482BE4D8E2}.Debug|x86.ActiveCfg = Debug|Any CPU
		{BBA11D4D-B79C-46C1-B479-D7482BE4D8E2}.Debug|x86.Build.0 = Debug|Any CPU
		{BBA11D4D-B79C-46C1-B479-D7482BE4D8E2}.Release|Any CPU.ActiveCfg = Release|Any CPU
		{BBA11D4D-B79C-46C1-B479-D7482BE4D8E2}.Release|Any CPU.Build.0 = Release|Any CPU
		{BBA11D4D-B79C-46C1-B479-D7482BE4D8E2}.Release|x64.ActiveCfg = Release|Any CPU
		{BBA11D4D-B79C-46C1-B479-D7482BE4D8E2}.Release|x64.Build.0 = Release|Any CPU
		{BBA11D4D-B79C-46C1-B479-D7482BE4D8E2}.Release|x86.ActiveCfg = Release|Any CPU
		{BBA11D4D-B79C-46C1-B479-D7482BE4D8E2}.Release|x86.Build.0 = Release|Any CPU
		{53BDFA0A-62B9-42BB-8C1C-8D2913110B8D}.Debug|Any CPU.ActiveCfg = Debug|Any CPU
		{53BDFA0A-62B9-42BB-8C1C-8D2913110B8D}.Debug|Any CPU.Build.0 = Debug|Any CPU
		{53BDFA0A-62B9-42BB-8C1C-8D2913110B8D}.Debug|x64.ActiveCfg = Debug|Any CPU
		{53BDFA0A-62B9-42BB-8C1C-8D2913110B8D}.Debug|x64.Build.0 = Debug|Any CPU
		{53BDFA0A-62B9-42BB-8C1C-8D2913110B8D}.Debug|x86.ActiveCfg = Debug|Any CPU
		{53BDFA0A-62B9-42BB-8C1C-8D2913110B8D}.Debug|x86.Build.0 = Debug|Any CPU
		{53BDFA0A-62B9-42BB-8C1C-8D2913110B8D}.Release|Any CPU.ActiveCfg = Release|Any CPU
		{53BDFA0A-62B9-42BB-8C1C-8D2913110B8D}.Release|Any CPU.Build.0 = Release|Any CPU
		{53BDFA0A-62B9-42BB-8C1C-8D2913110B8D}.Release|x64.ActiveCfg = Release|Any CPU
		{53BDFA0A-62B9-42BB-8C1C-8D2913110B8D}.Release|x64.Build.0 = Release|Any CPU
		{53BDFA0A-62B9-42BB-8C1C-8D2913110B8D}.Release|x86.ActiveCfg = Release|Any CPU
		{53BDFA0A-62B9-42BB-8C1C-8D2913110B8D}.Release|x86.Build.0 = Release|Any CPU
		{336C4576-4738-4BCB-9FE5-3D9DE37DFE7D}.Debug|Any CPU.ActiveCfg = Debug|Any CPU
		{336C4576-4738-4BCB-9FE5-3D9DE37DFE7D}.Debug|Any CPU.Build.0 = Debug|Any CPU
		{336C4576-4738-4BCB-9FE5-3D9DE37DFE7D}.Debug|x64.ActiveCfg = Debug|Any CPU
		{336C4576-4738-4BCB-9FE5-3D9DE37DFE7D}.Debug|x64.Build.0 = Debug|Any CPU
		{336C4576-4738-4BCB-9FE5-3D9DE37DFE7D}.Debug|x86.ActiveCfg = Debug|Any CPU
		{336C4576-4738-4BCB-9FE5-3D9DE37DFE7D}.Debug|x86.Build.0 = Debug|Any CPU
		{336C4576-4738-4BCB-9FE5-3D9DE37DFE7D}.Release|Any CPU.ActiveCfg = Release|Any CPU
		{336C4576-4738-4BCB-9FE5-3D9DE37DFE7D}.Release|Any CPU.Build.0 = Release|Any CPU
		{336C4576-4738-4BCB-9FE5-3D9DE37DFE7D}.Release|x64.ActiveCfg = Release|Any CPU
		{336C4576-4738-4BCB-9FE5-3D9DE37DFE7D}.Release|x64.Build.0 = Release|Any CPU
		{336C4576-4738-4BCB-9FE5-3D9DE37DFE7D}.Release|x86.ActiveCfg = Release|Any CPU
		{336C4576-4738-4BCB-9FE5-3D9DE37DFE7D}.Release|x86.Build.0 = Release|Any CPU
		{2F39381E-D1BA-480F-A4BF-B0DF959C9BA5}.Debug|Any CPU.ActiveCfg = Debug|Any CPU
		{2F39381E-D1BA-480F-A4BF-B0DF959C9BA5}.Debug|Any CPU.Build.0 = Debug|Any CPU
		{2F39381E-D1BA-480F-A4BF-B0DF959C9BA5}.Debug|x64.ActiveCfg = Debug|Any CPU
		{2F39381E-D1BA-480F-A4BF-B0DF959C9BA5}.Debug|x64.Build.0 = Debug|Any CPU
		{2F39381E-D1BA-480F-A4BF-B0DF959C9BA5}.Debug|x86.ActiveCfg = Debug|Any CPU
		{2F39381E-D1BA-480F-A4BF-B0DF959C9BA5}.Debug|x86.Build.0 = Debug|Any CPU
		{2F39381E-D1BA-480F-A4BF-B0DF959C9BA5}.Release|Any CPU.ActiveCfg = Release|Any CPU
		{2F39381E-D1BA-480F-A4BF-B0DF959C9BA5}.Release|Any CPU.Build.0 = Release|Any CPU
		{2F39381E-D1BA-480F-A4BF-B0DF959C9BA5}.Release|x64.ActiveCfg = Release|Any CPU
		{2F39381E-D1BA-480F-A4BF-B0DF959C9BA5}.Release|x64.Build.0 = Release|Any CPU
		{2F39381E-D1BA-480F-A4BF-B0DF959C9BA5}.Release|x86.ActiveCfg = Release|Any CPU
		{2F39381E-D1BA-480F-A4BF-B0DF959C9BA5}.Release|x86.Build.0 = Release|Any CPU
		{E9E3E2CA-AAA2-4835-9264-8EFD44790A89}.Debug|Any CPU.ActiveCfg = Debug|Any CPU
		{E9E3E2CA-AAA2-4835-9264-8EFD44790A89}.Debug|Any CPU.Build.0 = Debug|Any CPU
		{E9E3E2CA-AAA2-4835-9264-8EFD44790A89}.Debug|x64.ActiveCfg = Debug|Any CPU
		{E9E3E2CA-AAA2-4835-9264-8EFD44790A89}.Debug|x64.Build.0 = Debug|Any CPU
		{E9E3E2CA-AAA2-4835-9264-8EFD44790A89}.Debug|x86.ActiveCfg = Debug|Any CPU
		{E9E3E2CA-AAA2-4835-9264-8EFD44790A89}.Debug|x86.Build.0 = Debug|Any CPU
		{E9E3E2CA-AAA2-4835-9264-8EFD44790A89}.Release|Any CPU.ActiveCfg = Release|Any CPU
		{E9E3E2CA-AAA2-4835-9264-8EFD44790A89}.Release|Any CPU.Build.0 = Release|Any CPU
		{E9E3E2CA-AAA2-4835-9264-8EFD44790A89}.Release|x64.ActiveCfg = Release|Any CPU
		{E9E3E2CA-AAA2-4835-9264-8EFD44790A89}.Release|x64.Build.0 = Release|Any CPU
		{E9E3E2CA-AAA2-4835-9264-8EFD44790A89}.Release|x86.ActiveCfg = Release|Any CPU
		{E9E3E2CA-AAA2-4835-9264-8EFD44790A89}.Release|x86.Build.0 = Release|Any CPU
		{BBCE7B79-04E4-471E-9106-93912FD53775}.Debug|Any CPU.ActiveCfg = Debug|Any CPU
		{BBCE7B79-04E4-471E-9106-93912FD53775}.Debug|Any CPU.Build.0 = Debug|Any CPU
		{BBCE7B79-04E4-471E-9106-93912FD53775}.Debug|x64.ActiveCfg = Debug|Any CPU
		{BBCE7B79-04E4-471E-9106-93912FD53775}.Debug|x64.Build.0 = Debug|Any CPU
		{BBCE7B79-04E4-471E-9106-93912FD53775}.Debug|x86.ActiveCfg = Debug|Any CPU
		{BBCE7B79-04E4-471E-9106-93912FD53775}.Debug|x86.Build.0 = Debug|Any CPU
		{BBCE7B79-04E4-471E-9106-93912FD53775}.Release|Any CPU.ActiveCfg = Release|Any CPU
		{BBCE7B79-04E4-471E-9106-93912FD53775}.Release|Any CPU.Build.0 = Release|Any CPU
		{BBCE7B79-04E4-471E-9106-93912FD53775}.Release|x64.ActiveCfg = Release|Any CPU
		{BBCE7B79-04E4-471E-9106-93912FD53775}.Release|x64.Build.0 = Release|Any CPU
		{BBCE7B79-04E4-471E-9106-93912FD53775}.Release|x86.ActiveCfg = Release|Any CPU
		{BBCE7B79-04E4-471E-9106-93912FD53775}.Release|x86.Build.0 = Release|Any CPU
		{91348BA3-7914-42EF-9067-EBD663046EB5}.Debug|Any CPU.ActiveCfg = Debug|Any CPU
		{91348BA3-7914-42EF-9067-EBD663046EB5}.Debug|Any CPU.Build.0 = Debug|Any CPU
		{91348BA3-7914-42EF-9067-EBD663046EB5}.Debug|x64.ActiveCfg = Debug|Any CPU
		{91348BA3-7914-42EF-9067-EBD663046EB5}.Debug|x64.Build.0 = Debug|Any CPU
		{91348BA3-7914-42EF-9067-EBD663046EB5}.Debug|x86.ActiveCfg = Debug|Any CPU
		{91348BA3-7914-42EF-9067-EBD663046EB5}.Debug|x86.Build.0 = Debug|Any CPU
		{91348BA3-7914-42EF-9067-EBD663046EB5}.Release|Any CPU.ActiveCfg = Release|Any CPU
		{91348BA3-7914-42EF-9067-EBD663046EB5}.Release|Any CPU.Build.0 = Release|Any CPU
		{91348BA3-7914-42EF-9067-EBD663046EB5}.Release|x64.ActiveCfg = Release|Any CPU
		{91348BA3-7914-42EF-9067-EBD663046EB5}.Release|x64.Build.0 = Release|Any CPU
		{91348BA3-7914-42EF-9067-EBD663046EB5}.Release|x86.ActiveCfg = Release|Any CPU
		{91348BA3-7914-42EF-9067-EBD663046EB5}.Release|x86.Build.0 = Release|Any CPU
		{8A7BBAF3-3BE6-4CB9-BDFB-1C6560A4119F}.Debug|Any CPU.ActiveCfg = Debug|Any CPU
		{8A7BBAF3-3BE6-4CB9-BDFB-1C6560A4119F}.Debug|Any CPU.Build.0 = Debug|Any CPU
		{8A7BBAF3-3BE6-4CB9-BDFB-1C6560A4119F}.Debug|x64.ActiveCfg = Debug|Any CPU
		{8A7BBAF3-3BE6-4CB9-BDFB-1C6560A4119F}.Debug|x64.Build.0 = Debug|Any CPU
		{8A7BBAF3-3BE6-4CB9-BDFB-1C6560A4119F}.Debug|x86.ActiveCfg = Debug|Any CPU
		{8A7BBAF3-3BE6-4CB9-BDFB-1C6560A4119F}.Debug|x86.Build.0 = Debug|Any CPU
		{8A7BBAF3-3BE6-4CB9-BDFB-1C6560A4119F}.Release|Any CPU.ActiveCfg = Release|Any CPU
		{8A7BBAF3-3BE6-4CB9-BDFB-1C6560A4119F}.Release|Any CPU.Build.0 = Release|Any CPU
		{8A7BBAF3-3BE6-4CB9-BDFB-1C6560A4119F}.Release|x64.ActiveCfg = Release|Any CPU
		{8A7BBAF3-3BE6-4CB9-BDFB-1C6560A4119F}.Release|x64.Build.0 = Release|Any CPU
		{8A7BBAF3-3BE6-4CB9-BDFB-1C6560A4119F}.Release|x86.ActiveCfg = Release|Any CPU
		{8A7BBAF3-3BE6-4CB9-BDFB-1C6560A4119F}.Release|x86.Build.0 = Release|Any CPU
		{EE668E41-F03D-43FA-BE2B-F5E55626E3BA}.Debug|Any CPU.ActiveCfg = Debug|Any CPU
		{EE668E41-F03D-43FA-BE2B-F5E55626E3BA}.Debug|Any CPU.Build.0 = Debug|Any CPU
		{EE668E41-F03D-43FA-BE2B-F5E55626E3BA}.Debug|x64.ActiveCfg = Debug|Any CPU
		{EE668E41-F03D-43FA-BE2B-F5E55626E3BA}.Debug|x64.Build.0 = Debug|Any CPU
		{EE668E41-F03D-43FA-BE2B-F5E55626E3BA}.Debug|x86.ActiveCfg = Debug|Any CPU
		{EE668E41-F03D-43FA-BE2B-F5E55626E3BA}.Debug|x86.Build.0 = Debug|Any CPU
		{EE668E41-F03D-43FA-BE2B-F5E55626E3BA}.Release|Any CPU.ActiveCfg = Release|Any CPU
		{EE668E41-F03D-43FA-BE2B-F5E55626E3BA}.Release|Any CPU.Build.0 = Release|Any CPU
		{EE668E41-F03D-43FA-BE2B-F5E55626E3BA}.Release|x64.ActiveCfg = Release|Any CPU
		{EE668E41-F03D-43FA-BE2B-F5E55626E3BA}.Release|x64.Build.0 = Release|Any CPU
		{EE668E41-F03D-43FA-BE2B-F5E55626E3BA}.Release|x86.ActiveCfg = Release|Any CPU
		{EE668E41-F03D-43FA-BE2B-F5E55626E3BA}.Release|x86.Build.0 = Release|Any CPU
		{AD90ED7E-C731-4981-ACAC-E1D34F7E87C2}.Debug|Any CPU.ActiveCfg = Debug|Any CPU
		{AD90ED7E-C731-4981-ACAC-E1D34F7E87C2}.Debug|Any CPU.Build.0 = Debug|Any CPU
		{AD90ED7E-C731-4981-ACAC-E1D34F7E87C2}.Debug|x64.ActiveCfg = Debug|Any CPU
		{AD90ED7E-C731-4981-ACAC-E1D34F7E87C2}.Debug|x64.Build.0 = Debug|Any CPU
		{AD90ED7E-C731-4981-ACAC-E1D34F7E87C2}.Debug|x86.ActiveCfg = Debug|Any CPU
		{AD90ED7E-C731-4981-ACAC-E1D34F7E87C2}.Debug|x86.Build.0 = Debug|Any CPU
		{AD90ED7E-C731-4981-ACAC-E1D34F7E87C2}.Release|Any CPU.ActiveCfg = Release|Any CPU
		{AD90ED7E-C731-4981-ACAC-E1D34F7E87C2}.Release|Any CPU.Build.0 = Release|Any CPU
		{AD90ED7E-C731-4981-ACAC-E1D34F7E87C2}.Release|x64.ActiveCfg = Release|Any CPU
		{AD90ED7E-C731-4981-ACAC-E1D34F7E87C2}.Release|x64.Build.0 = Release|Any CPU
		{AD90ED7E-C731-4981-ACAC-E1D34F7E87C2}.Release|x86.ActiveCfg = Release|Any CPU
		{AD90ED7E-C731-4981-ACAC-E1D34F7E87C2}.Release|x86.Build.0 = Release|Any CPU
		{248E41F4-DF9D-45DE-A942-D73321FFC71D}.Debug|Any CPU.ActiveCfg = Debug|Any CPU
		{248E41F4-DF9D-45DE-A942-D73321FFC71D}.Debug|Any CPU.Build.0 = Debug|Any CPU
		{248E41F4-DF9D-45DE-A942-D73321FFC71D}.Debug|x64.ActiveCfg = Debug|Any CPU
		{248E41F4-DF9D-45DE-A942-D73321FFC71D}.Debug|x64.Build.0 = Debug|Any CPU
		{248E41F4-DF9D-45DE-A942-D73321FFC71D}.Debug|x86.ActiveCfg = Debug|Any CPU
		{248E41F4-DF9D-45DE-A942-D73321FFC71D}.Debug|x86.Build.0 = Debug|Any CPU
		{248E41F4-DF9D-45DE-A942-D73321FFC71D}.Release|Any CPU.ActiveCfg = Release|Any CPU
		{248E41F4-DF9D-45DE-A942-D73321FFC71D}.Release|Any CPU.Build.0 = Release|Any CPU
		{248E41F4-DF9D-45DE-A942-D73321FFC71D}.Release|x64.ActiveCfg = Release|Any CPU
		{248E41F4-DF9D-45DE-A942-D73321FFC71D}.Release|x64.Build.0 = Release|Any CPU
		{248E41F4-DF9D-45DE-A942-D73321FFC71D}.Release|x86.ActiveCfg = Release|Any CPU
		{248E41F4-DF9D-45DE-A942-D73321FFC71D}.Release|x86.Build.0 = Release|Any CPU
		{15755318-7CC4-4ECE-948E-198961185321}.Debug|Any CPU.ActiveCfg = Debug|Any CPU
		{15755318-7CC4-4ECE-948E-198961185321}.Debug|Any CPU.Build.0 = Debug|Any CPU
		{15755318-7CC4-4ECE-948E-198961185321}.Debug|x64.ActiveCfg = Debug|Any CPU
		{15755318-7CC4-4ECE-948E-198961185321}.Debug|x64.Build.0 = Debug|Any CPU
		{15755318-7CC4-4ECE-948E-198961185321}.Debug|x86.ActiveCfg = Debug|Any CPU
		{15755318-7CC4-4ECE-948E-198961185321}.Debug|x86.Build.0 = Debug|Any CPU
		{15755318-7CC4-4ECE-948E-198961185321}.Release|Any CPU.ActiveCfg = Release|Any CPU
		{15755318-7CC4-4ECE-948E-198961185321}.Release|Any CPU.Build.0 = Release|Any CPU
		{15755318-7CC4-4ECE-948E-198961185321}.Release|x64.ActiveCfg = Release|Any CPU
		{15755318-7CC4-4ECE-948E-198961185321}.Release|x64.Build.0 = Release|Any CPU
		{15755318-7CC4-4ECE-948E-198961185321}.Release|x86.ActiveCfg = Release|Any CPU
		{15755318-7CC4-4ECE-948E-198961185321}.Release|x86.Build.0 = Release|Any CPU
	EndGlobalSection
	GlobalSection(SolutionProperties) = preSolution
		HideSolutionNode = FALSE
	EndGlobalSection
	GlobalSection(NestedProjects) = preSolution
		{D2B9C128-E020-4F6E-959D-EE4A0EB4EF95} = {C42A0E56-F643-4D59-AB26-F580FAC60E01}
		{53BDFA0A-62B9-42BB-8C1C-8D2913110B8D} = {E8477467-2571-4CD8-A4AF-48C89857AB48}
		{336C4576-4738-4BCB-9FE5-3D9DE37DFE7D} = {E8477467-2571-4CD8-A4AF-48C89857AB48}
		{2F39381E-D1BA-480F-A4BF-B0DF959C9BA5} = {4E2E1B0F-900C-4DAC-877E-17541E35D5E1}
		{E9E3E2CA-AAA2-4835-9264-8EFD44790A89} = {4E2E1B0F-900C-4DAC-877E-17541E35D5E1}
		{BBCE7B79-04E4-471E-9106-93912FD53775} = {4E2E1B0F-900C-4DAC-877E-17541E35D5E1}
		{91348BA3-7914-42EF-9067-EBD663046EB5} = {E8477467-2571-4CD8-A4AF-48C89857AB48}
		{8A7BBAF3-3BE6-4CB9-BDFB-1C6560A4119F} = {C42A0E56-F643-4D59-AB26-F580FAC60E01}
		{EE668E41-F03D-43FA-BE2B-F5E55626E3BA} = {E8477467-2571-4CD8-A4AF-48C89857AB48}
		{248E41F4-DF9D-45DE-A942-D73321FFC71D} = {E8477467-2571-4CD8-A4AF-48C89857AB48}
		{15755318-7CC4-4ECE-948E-198961185321} = {AEB8B6B6-6592-4C6D-9D83-3F7E799D02FC}
	EndGlobalSection
EndGlobal
